// !$*UTF8*$!
{
	archiveVersion = 1;
	classes = {
	};
	objectVersion = 46;
	objects = {

/* Begin PBXBuildFile section */
		803D2C8315D4190B00F9A9CB /* Robot.m in Sources */ = {isa = PBXBuildFile; fileRef = 803D2C8215D4190B00F9A9CB /* Robot.m */; };
		809693CC15E53EAD0009DE5F /* ClearHistoryViewController.m in Sources */ = {isa = PBXBuildFile; fileRef = 809693CB15E53EAD0009DE5F /* ClearHistoryViewController.m */; };
		80977BE315DBFD4200FCFBB7 /* AVFoundation.framework in Frameworks */ = {isa = PBXBuildFile; fileRef = 80977BE215DBFD4200FCFBB7 /* AVFoundation.framework */; };
		80977BE515DBFDAE00FCFBB7 /* AudioToolbox.framework in Frameworks */ = {isa = PBXBuildFile; fileRef = 80977BE415DBFDAE00FCFBB7 /* AudioToolbox.framework */; };
		8097945815E342D8000ECBC7 /* FriendsListViewController.m in Sources */ = {isa = PBXBuildFile; fileRef = 8097945715E342D8000ECBC7 /* FriendsListViewController.m */; };
		8097945B15E344E5000ECBC7 /* flag_ready.png in Resources */ = {isa = PBXBuildFile; fileRef = 8097945915E344E5000ECBC7 /* flag_ready.png */; };
		8097945C15E344E5000ECBC7 /* flag_unready.png in Resources */ = {isa = PBXBuildFile; fileRef = 8097945A15E344E5000ECBC7 /* flag_unready.png */; };
		8097945E15E345EF000ECBC7 /* btn_multiplayer.png in Resources */ = {isa = PBXBuildFile; fileRef = 8097945D15E345EF000ECBC7 /* btn_multiplayer.png */; };
		80982E5D15E3367300859BA1 /* CFNetwork.framework in Frameworks */ = {isa = PBXBuildFile; fileRef = 80982E5C15E3367300859BA1 /* CFNetwork.framework */; };
		80982E5F15E3368200859BA1 /* SystemConfiguration.framework in Frameworks */ = {isa = PBXBuildFile; fileRef = 80982E5E15E3368200859BA1 /* SystemConfiguration.framework */; };
		80982E6115E3368A00859BA1 /* MobileCoreServices.framework in Frameworks */ = {isa = PBXBuildFile; fileRef = 80982E6015E3368A00859BA1 /* MobileCoreServices.framework */; };
		80982E6315E336BA00859BA1 /* libz.1.2.5.dylib in Frameworks */ = {isa = PBXBuildFile; fileRef = 80982E6215E336BA00859BA1 /* libz.1.2.5.dylib */; };
		809B15CD15DA4CBB00F39DF9 /* background.png in Resources */ = {isa = PBXBuildFile; fileRef = 809B15CC15DA4CBB00F39DF9 /* background.png */; };
		809B15D015DA4D8400F39DF9 /* logo.jpg in Resources */ = {isa = PBXBuildFile; fileRef = 809B15CF15DA4D8400F39DF9 /* logo.jpg */; };
		809B15D215DA582D00F39DF9 /* background-pattern.png in Resources */ = {isa = PBXBuildFile; fileRef = 809B15D115DA582D00F39DF9 /* background-pattern.png */; };
		809DF27415E2AA3D0040B7CF /* laser.aif in Resources */ = {isa = PBXBuildFile; fileRef = 80AFCA6A15DD18EC0037CD19 /* laser.aif */; };
		809DF27A15E2AD380040B7CF /* MediaPlayer.framework in Frameworks */ = {isa = PBXBuildFile; fileRef = 809DF27915E2AD380040B7CF /* MediaPlayer.framework */; };
		809DF27D15E2AE650040B7CF /* SoundHelper.m in Sources */ = {isa = PBXBuildFile; fileRef = 809DF27C15E2AE650040B7CF /* SoundHelper.m */; };
		809EB70E15C99D0D00DF309E /* UIKit.framework in Frameworks */ = {isa = PBXBuildFile; fileRef = 809EB70D15C99D0D00DF309E /* UIKit.framework */; };
		809EB71015C99D0D00DF309E /* Foundation.framework in Frameworks */ = {isa = PBXBuildFile; fileRef = 809EB70F15C99D0D00DF309E /* Foundation.framework */; };
		809EB71215C99D0D00DF309E /* CoreGraphics.framework in Frameworks */ = {isa = PBXBuildFile; fileRef = 809EB71115C99D0D00DF309E /* CoreGraphics.framework */; };
		809EB71815C99D0D00DF309E /* InfoPlist.strings in Resources */ = {isa = PBXBuildFile; fileRef = 809EB71615C99D0D00DF309E /* InfoPlist.strings */; };
		809EB71A15C99D0D00DF309E /* main.m in Sources */ = {isa = PBXBuildFile; fileRef = 809EB71915C99D0D00DF309E /* main.m */; };
		809EB71E15C99D0D00DF309E /* AppDelegate.m in Sources */ = {isa = PBXBuildFile; fileRef = 809EB71D15C99D0D00DF309E /* AppDelegate.m */; };
		809EB72115C99D0D00DF309E /* MainStoryboard.storyboard in Resources */ = {isa = PBXBuildFile; fileRef = 809EB71F15C99D0D00DF309E /* MainStoryboard.storyboard */; };
		809EB72415C99D0D00DF309E /* StoriesViewController.m in Sources */ = {isa = PBXBuildFile; fileRef = 809EB72315C99D0D00DF309E /* StoriesViewController.m */; };
		809EB72E15C99D5900DF309E /* Stories.m in Sources */ = {isa = PBXBuildFile; fileRef = 809EB72C15C99D5900DF309E /* Stories.m */; };
		809EB73015C99DC000DF309E /* libsqlite3.0.dylib in Frameworks */ = {isa = PBXBuildFile; fileRef = 809EB72F15C99DC000DF309E /* libsqlite3.0.dylib */; };
		809EB73515C99EAC00DF309E /* ResultViewController.m in Sources */ = {isa = PBXBuildFile; fileRef = 809EB73215C99EAC00DF309E /* ResultViewController.m */; };
		809EB73615C99EAC00DF309E /* SelfPlayViewController.m in Sources */ = {isa = PBXBuildFile; fileRef = 809EB73415C99EAC00DF309E /* SelfPlayViewController.m */; };
		809F42E915E629B5009A786E /* headtrainView.png in Resources */ = {isa = PBXBuildFile; fileRef = 809F42E815E629B5009A786E /* headtrainView.png */; };
		80A15B1015D6B16C00D48F6D /* ResultRobotTrainingViewController.m in Sources */ = {isa = PBXBuildFile; fileRef = 80A15B0F15D6B16C00D48F6D /* ResultRobotTrainingViewController.m */; };
		80A2B23715DFFD2200058DDF /* style.css in Resources */ = {isa = PBXBuildFile; fileRef = 80A2B23615DFFD2200058DDF /* style.css */; };
		80A55AFC15E5E5CC00A11C54 /* win_scence2.png in Resources */ = {isa = PBXBuildFile; fileRef = 80A55AF615E5E5CC00A11C54 /* win_scence2.png */; };
		80A55AFD15E5E5CC00A11C54 /* win_scence1.png in Resources */ = {isa = PBXBuildFile; fileRef = 80A55AF715E5E5CC00A11C54 /* win_scence1.png */; };
		80A55AFE15E5E5CC00A11C54 /* RobotCommentBG.png in Resources */ = {isa = PBXBuildFile; fileRef = 80A55AF815E5E5CC00A11C54 /* RobotCommentBG.png */; };
		80A55AFF15E5E5CC00A11C54 /* lose_scence2.png in Resources */ = {isa = PBXBuildFile; fileRef = 80A55AF915E5E5CC00A11C54 /* lose_scence2.png */; };
		80A55B0015E5E5CC00A11C54 /* lose_scence1.png in Resources */ = {isa = PBXBuildFile; fileRef = 80A55AFA15E5E5CC00A11C54 /* lose_scence1.png */; };
		80A55B0115E5E5CC00A11C54 /* avatarPlayer.png in Resources */ = {isa = PBXBuildFile; fileRef = 80A55AFB15E5E5CC00A11C54 /* avatarPlayer.png */; };
		80A57A7D15DA7E5D004F6F3F /* btn_menu.png in Resources */ = {isa = PBXBuildFile; fileRef = 80A57A7C15DA7E5D004F6F3F /* btn_menu.png */; };
		80A57A8315DA80B8004F6F3F /* BTN_HISTORY.png in Resources */ = {isa = PBXBuildFile; fileRef = 80A57A7F15DA80B8004F6F3F /* BTN_HISTORY.png */; };
		80A57A8415DA80B8004F6F3F /* btn_playWithRobot.png in Resources */ = {isa = PBXBuildFile; fileRef = 80A57A8015DA80B8004F6F3F /* btn_playWithRobot.png */; };
		80A57A8515DA80B8004F6F3F /* BTN_RANDOM.png in Resources */ = {isa = PBXBuildFile; fileRef = 80A57A8115DA80B8004F6F3F /* BTN_RANDOM.png */; };
		80A57A8615DA80B8004F6F3F /* btn_selfPratice.png in Resources */ = {isa = PBXBuildFile; fileRef = 80A57A8215DA80B8004F6F3F /* btn_selfPratice.png */; };
		80A57A8B15DA82C9004F6F3F /* SSMessageTableViewCellBackgroundBlue.png in Resources */ = {isa = PBXBuildFile; fileRef = 80A57A8715DA82C8004F6F3F /* SSMessageTableViewCellBackgroundBlue.png */; };
		80A57A8C15DA82C9004F6F3F /* SSMessageTableViewCellBackgroundBlue@2x.png in Resources */ = {isa = PBXBuildFile; fileRef = 80A57A8815DA82C8004F6F3F /* SSMessageTableViewCellBackgroundBlue@2x.png */; };
		80A57A8D15DA82C9004F6F3F /* SSMessageTableViewCellBackgroundClear.png in Resources */ = {isa = PBXBuildFile; fileRef = 80A57A8915DA82C9004F6F3F /* SSMessageTableViewCellBackgroundClear.png */; };
		80A57A8E15DA82C9004F6F3F /* SSMessageTableViewCellBackgroundClear@2x.png in Resources */ = {isa = PBXBuildFile; fileRef = 80A57A8A15DA82C9004F6F3F /* SSMessageTableViewCellBackgroundClear@2x.png */; };
		80A57A9015DAA7FC004F6F3F /* backgroundTextField.png in Resources */ = {isa = PBXBuildFile; fileRef = 80A57A8F15DAA7FB004F6F3F /* backgroundTextField.png */; };
		80A57A9215DAACED004F6F3F /* robot2.png in Resources */ = {isa = PBXBuildFile; fileRef = 80A57A9115DAACEC004F6F3F /* robot2.png */; };
		80A57A9415DAAEDA004F6F3F /* SSMessagesViewControllerInputBackground2.png in Resources */ = {isa = PBXBuildFile; fileRef = 80A57A9315DAAED9004F6F3F /* SSMessagesViewControllerInputBackground2.png */; };
		80A57A9615DAB26D004F6F3F /* SSMessagesViewControllerTextFieldBackground2.png in Resources */ = {isa = PBXBuildFile; fileRef = 80A57A9515DAB26C004F6F3F /* SSMessagesViewControllerTextFieldBackground2.png */; };
		80A57A9815DAD33B004F6F3F /* btn_back.png in Resources */ = {isa = PBXBuildFile; fileRef = 80A57A9715DAD339004F6F3F /* btn_back.png */; };
		80A57A9B15DADB5D004F6F3F /* MenuViewController.m in Sources */ = {isa = PBXBuildFile; fileRef = 80A57A9A15DADB5D004F6F3F /* MenuViewController.m */; };
		80A5897115DD6C6D005B4778 /* selfplay-background.jpg in Resources */ = {isa = PBXBuildFile; fileRef = 80A5896E15DD6C6D005B4778 /* selfplay-background.jpg */; };
		80A5897215DD6C6D005B4778 /* train-head.png in Resources */ = {isa = PBXBuildFile; fileRef = 80A5896F15DD6C6D005B4778 /* train-head.png */; };
		80A5897315DD6C6D005B4778 /* train.PNG in Resources */ = {isa = PBXBuildFile; fileRef = 80A5897015DD6C6D005B4778 /* train.PNG */; };
		80A8580A15E0016D003D5750 /* History.m in Sources */ = {isa = PBXBuildFile; fileRef = 80A8580915E0016D003D5750 /* History.m */; };
		80A8580F15E00252003D5750 /* HistoryPlayersViewController.m in Sources */ = {isa = PBXBuildFile; fileRef = 80A2B22D15DFFC7000058DDF /* HistoryPlayersViewController.m */; };
		80A8581015E00252003D5750 /* WordMeanViewController.m in Sources */ = {isa = PBXBuildFile; fileRef = 80A2B23B15DFFD7300058DDF /* WordMeanViewController.m */; };
		80A8581115E00252003D5750 /* ListPlayerWordsViewController.m in Sources */ = {isa = PBXBuildFile; fileRef = 80A2B23115DFFC7100058DDF /* ListPlayerWordsViewController.m */; };
		80AA5BF415E4D23F00395E8F /* RoomsListViewController.m in Sources */ = {isa = PBXBuildFile; fileRef = 80AA5BF315E4D23F00395E8F /* RoomsListViewController.m */; };
		80AA5BF815E4D30700395E8F /* Room.m in Sources */ = {isa = PBXBuildFile; fileRef = 80AA5BF715E4D30700395E8F /* Room.m */; };
		80AA5BFC15E4EB8B00395E8F /* host_player.png in Resources */ = {isa = PBXBuildFile; fileRef = 80AA5BF915E4EB8B00395E8F /* host_player.png */; };
		80AA5BFD15E4EB8B00395E8F /* Multiplayer_backGround.png in Resources */ = {isa = PBXBuildFile; fileRef = 80AA5BFA15E4EB8B00395E8F /* Multiplayer_backGround.png */; };
		80AA5BFE15E4EB8B00395E8F /* second_player.png in Resources */ = {isa = PBXBuildFile; fileRef = 80AA5BFB15E4EB8B00395E8F /* second_player.png */; };
		80AA5C0215E5182D00395E8F /* Player.m in Sources */ = {isa = PBXBuildFile; fileRef = 80AA5C0115E5182D00395E8F /* Player.m */; };
		80AB2D9B15E396140055E2F2 /* MBProgressHUD.m in Sources */ = {isa = PBXBuildFile; fileRef = 80982E5B15E3364800859BA1 /* MBProgressHUD.m */; settings = {COMPILER_FLAGS = "-fno-objc-arc"; }; };
		80AB2DA515E396140055E2F2 /* NSObject+SBJson.m in Sources */ = {isa = PBXBuildFile; fileRef = 80982E2915E333B000859BA1 /* NSObject+SBJson.m */; settings = {COMPILER_FLAGS = "-fno-objc-arc"; }; };
		80AB2DA615E396140055E2F2 /* SBJsonParser.m in Sources */ = {isa = PBXBuildFile; fileRef = 80982E2C15E333B000859BA1 /* SBJsonParser.m */; settings = {COMPILER_FLAGS = "-fno-objc-arc"; }; };
		80AB2DA715E396140055E2F2 /* SBJsonStreamParser.m in Sources */ = {isa = PBXBuildFile; fileRef = 80982E2E15E333B000859BA1 /* SBJsonStreamParser.m */; settings = {COMPILER_FLAGS = "-fno-objc-arc"; }; };
		80AB2DA815E396140055E2F2 /* SBJsonStreamParserAccumulator.m in Sources */ = {isa = PBXBuildFile; fileRef = 80982E3015E333B000859BA1 /* SBJsonStreamParserAccumulator.m */; settings = {COMPILER_FLAGS = "-fno-objc-arc"; }; };
		80AB2DA915E396140055E2F2 /* SBJsonStreamParserAdapter.m in Sources */ = {isa = PBXBuildFile; fileRef = 80982E3215E333B000859BA1 /* SBJsonStreamParserAdapter.m */; settings = {COMPILER_FLAGS = "-fno-objc-arc"; }; };
		80AB2DAA15E396140055E2F2 /* SBJsonStreamParserState.m in Sources */ = {isa = PBXBuildFile; fileRef = 80982E3415E333B000859BA1 /* SBJsonStreamParserState.m */; settings = {COMPILER_FLAGS = "-fno-objc-arc"; }; };
		80AB2DAB15E396140055E2F2 /* SBJsonStreamWriter.m in Sources */ = {isa = PBXBuildFile; fileRef = 80982E3615E333B000859BA1 /* SBJsonStreamWriter.m */; settings = {COMPILER_FLAGS = "-fno-objc-arc"; }; };
		80AB2DAC15E396140055E2F2 /* SBJsonStreamWriterAccumulator.m in Sources */ = {isa = PBXBuildFile; fileRef = 80982E3815E333B000859BA1 /* SBJsonStreamWriterAccumulator.m */; settings = {COMPILER_FLAGS = "-fno-objc-arc"; }; };
		80AB2DAD15E396140055E2F2 /* SBJsonStreamWriterState.m in Sources */ = {isa = PBXBuildFile; fileRef = 80982E3A15E333B000859BA1 /* SBJsonStreamWriterState.m */; settings = {COMPILER_FLAGS = "-fno-objc-arc"; }; };
		80AB2DAE15E396140055E2F2 /* SBJsonTokeniser.m in Sources */ = {isa = PBXBuildFile; fileRef = 80982E3C15E333B000859BA1 /* SBJsonTokeniser.m */; settings = {COMPILER_FLAGS = "-fno-objc-arc"; }; };
		80AB2DAF15E396140055E2F2 /* SBJsonUTF8Stream.m in Sources */ = {isa = PBXBuildFile; fileRef = 80982E3E15E333B000859BA1 /* SBJsonUTF8Stream.m */; settings = {COMPILER_FLAGS = "-fno-objc-arc"; }; };
		80AB2DB015E396140055E2F2 /* SBJsonWriter.m in Sources */ = {isa = PBXBuildFile; fileRef = 80982E4015E333B000859BA1 /* SBJsonWriter.m */; settings = {COMPILER_FLAGS = "-fno-objc-arc"; }; };
		80AB2DB415E39FD40055E2F2 /* Reachability.m in Sources */ = {isa = PBXBuildFile; fileRef = 80AB2DB315E39FB80055E2F2 /* Reachability.m */; };
		80AB2DC915E3A3E40055E2F2 /* ASIAuthenticationDialog.m in Sources */ = {isa = PBXBuildFile; fileRef = 80AB2DB615E3A3860055E2F2 /* ASIAuthenticationDialog.m */; settings = {COMPILER_FLAGS = "-fno-objc-arc"; }; };
		80AB2DCA15E3A3E40055E2F2 /* ASIDataCompressor.m in Sources */ = {isa = PBXBuildFile; fileRef = 80AB2DB915E3A3860055E2F2 /* ASIDataCompressor.m */; settings = {COMPILER_FLAGS = "-fno-objc-arc"; }; };
		80AB2DCB15E3A3E40055E2F2 /* ASIDataDecompressor.m in Sources */ = {isa = PBXBuildFile; fileRef = 80AB2DBB15E3A3870055E2F2 /* ASIDataDecompressor.m */; settings = {COMPILER_FLAGS = "-fno-objc-arc"; }; };
		80AB2DCC15E3A3E40055E2F2 /* ASIDownloadCache.m in Sources */ = {isa = PBXBuildFile; fileRef = 80AB2DBD15E3A3870055E2F2 /* ASIDownloadCache.m */; settings = {COMPILER_FLAGS = "-fno-objc-arc"; }; };
		80AB2DCD15E3A3E40055E2F2 /* ASIFormDataRequest.m in Sources */ = {isa = PBXBuildFile; fileRef = 80AB2DBF15E3A3870055E2F2 /* ASIFormDataRequest.m */; settings = {COMPILER_FLAGS = "-fno-objc-arc"; }; };
		80AB2DCE15E3A3E40055E2F2 /* ASIHTTPRequest.m in Sources */ = {isa = PBXBuildFile; fileRef = 80AB2DC115E3A3870055E2F2 /* ASIHTTPRequest.m */; settings = {COMPILER_FLAGS = "-fno-objc-arc"; }; };
		80AB2DCF15E3A3E40055E2F2 /* ASIInputStream.m in Sources */ = {isa = PBXBuildFile; fileRef = 80AB2DC515E3A3870055E2F2 /* ASIInputStream.m */; settings = {COMPILER_FLAGS = "-fno-objc-arc"; }; };
		80AB2DD015E3A3E40055E2F2 /* ASINetworkQueue.m in Sources */ = {isa = PBXBuildFile; fileRef = 80AB2DC715E3A3870055E2F2 /* ASINetworkQueue.m */; settings = {COMPILER_FLAGS = "-fno-objc-arc"; }; };
		80ABE13F15D8D25800229CC8 /* bw_svst in Resources */ = {isa = PBXBuildFile; fileRef = 80ABE13E15D8D25800229CC8 /* bw_svst */; };
		80AC220215CAD6D90070F986 /* large_brooklyn_bridge.jpg in Resources */ = {isa = PBXBuildFile; fileRef = 80AC220015CAD6D90070F986 /* large_brooklyn_bridge.jpg */; };
		80AC220315CAD6D90070F986 /* start-icon.png in Resources */ = {isa = PBXBuildFile; fileRef = 80AC220115CAD6D90070F986 /* start-icon.png */; };
		80AC5EDE15D4BD8C009621A4 /* robot.png in Resources */ = {isa = PBXBuildFile; fileRef = 80AC5EDD15D4BD8C009621A4 /* robot.png */; };
		80AC5EE015D4C2DB009621A4 /* user.png in Resources */ = {isa = PBXBuildFile; fileRef = 80AC5EDF15D4C2DB009621A4 /* user.png */; };
		80B39BE015E1EBF8007BD2CF /* btn_backGround.png in Resources */ = {isa = PBXBuildFile; fileRef = 80B39BDF15E1EBF8007BD2CF /* btn_backGround.png */; };
		80B4967C15D2BE100066FFD1 /* TrainRobotViewController.m in Sources */ = {isa = PBXBuildFile; fileRef = 80B4967B15D2BE0F0066FFD1 /* TrainRobotViewController.m */; };
		80B4969A15D2BE4F0066FFD1 /* SSDrawingUtilities.m in Sources */ = {isa = PBXBuildFile; fileRef = 80B4967F15D2BE4F0066FFD1 /* SSDrawingUtilities.m */; };
		80B4969B15D2BE4F0066FFD1 /* SSMessagesViewController.m in Sources */ = {isa = PBXBuildFile; fileRef = 80B4968115D2BE4F0066FFD1 /* SSMessagesViewController.m */; };
		80B4969C15D2BE4F0066FFD1 /* SSMessageTableViewCell.m in Sources */ = {isa = PBXBuildFile; fileRef = 80B4968315D2BE4F0066FFD1 /* SSMessageTableViewCell.m */; };
		80B4969D15D2BE4F0066FFD1 /* SSMessageTableViewCellBubbleView.m in Sources */ = {isa = PBXBuildFile; fileRef = 80B4968515D2BE4F0066FFD1 /* SSMessageTableViewCellBubbleView.m */; };
		80B4969E15D2BE4F0066FFD1 /* SSTextField.m in Sources */ = {isa = PBXBuildFile; fileRef = 80B4968715D2BE4F0066FFD1 /* SSTextField.m */; };
		80B4969F15D2BE4F0066FFD1 /* SSMessagesViewControllerCameraButton.png in Resources */ = {isa = PBXBuildFile; fileRef = 80B4968915D2BE4F0066FFD1 /* SSMessagesViewControllerCameraButton.png */; };
		80B496A015D2BE4F0066FFD1 /* SSMessagesViewControllerCameraButton@2x.png in Resources */ = {isa = PBXBuildFile; fileRef = 80B4968A15D2BE4F0066FFD1 /* SSMessagesViewControllerCameraButton@2x.png */; };
		80B496A115D2BE4F0066FFD1 /* SSMessagesViewControllerInputBackground.png in Resources */ = {isa = PBXBuildFile; fileRef = 80B4968B15D2BE4F0066FFD1 /* SSMessagesViewControllerInputBackground.png */; };
		80B496A215D2BE4F0066FFD1 /* SSMessagesViewControllerInputBackground@2x.png in Resources */ = {isa = PBXBuildFile; fileRef = 80B4968C15D2BE4F0066FFD1 /* SSMessagesViewControllerInputBackground@2x.png */; };
		80B496A315D2BE4F0066FFD1 /* SSMessagesViewControllerSendButtonBackground.png in Resources */ = {isa = PBXBuildFile; fileRef = 80B4968D15D2BE4F0066FFD1 /* SSMessagesViewControllerSendButtonBackground.png */; };
		80B496A415D2BE4F0066FFD1 /* SSMessagesViewControllerSendButtonBackground@2x.png in Resources */ = {isa = PBXBuildFile; fileRef = 80B4968E15D2BE4F0066FFD1 /* SSMessagesViewControllerSendButtonBackground@2x.png */; };
		80B496A515D2BE4F0066FFD1 /* SSMessagesViewControllerSendButtonBackgroundGreen.png in Resources */ = {isa = PBXBuildFile; fileRef = 80B4968F15D2BE4F0066FFD1 /* SSMessagesViewControllerSendButtonBackgroundGreen.png */; };
		80B496A615D2BE4F0066FFD1 /* SSMessagesViewControllerSendButtonBackgroundGreen@2x.png in Resources */ = {isa = PBXBuildFile; fileRef = 80B4969015D2BE4F0066FFD1 /* SSMessagesViewControllerSendButtonBackgroundGreen@2x.png */; };
		80B496A715D2BE4F0066FFD1 /* SSMessagesViewControllerTextFieldBackground.png in Resources */ = {isa = PBXBuildFile; fileRef = 80B4969115D2BE4F0066FFD1 /* SSMessagesViewControllerTextFieldBackground.png */; };
		80B496A815D2BE4F0066FFD1 /* SSMessagesViewControllerTextFieldBackground@2x.png in Resources */ = {isa = PBXBuildFile; fileRef = 80B4969215D2BE4F0066FFD1 /* SSMessagesViewControllerTextFieldBackground@2x.png */; };
		80B496AD15D2BE4F0066FFD1 /* SSMessageTableViewCellBackgroundGreen.png in Resources */ = {isa = PBXBuildFile; fileRef = 80B4969715D2BE4F0066FFD1 /* SSMessageTableViewCellBackgroundGreen.png */; };
		80B496AE15D2BE4F0066FFD1 /* SSMessageTableViewCellBackgroundGreen@2x.png in Resources */ = {isa = PBXBuildFile; fileRef = 80B4969815D2BE4F0066FFD1 /* SSMessageTableViewCellBackgroundGreen@2x.png */; };
/* End PBXBuildFile section */

/* Begin PBXFileReference section */
		803D2C8115D4190B00F9A9CB /* Robot.h */ = {isa = PBXFileReference; fileEncoding = 4; lastKnownFileType = sourcecode.c.h; name = Robot.h; path = "../SVST Bridging Words/Robot.h"; sourceTree = "<group>"; };
		803D2C8215D4190B00F9A9CB /* Robot.m */ = {isa = PBXFileReference; fileEncoding = 4; lastKnownFileType = sourcecode.c.objc; name = Robot.m; path = "../SVST Bridging Words/Robot.m"; sourceTree = "<group>"; };
		809693CA15E53EAD0009DE5F /* ClearHistoryViewController.h */ = {isa = PBXFileReference; fileEncoding = 4; lastKnownFileType = sourcecode.c.h; path = ClearHistoryViewController.h; sourceTree = "<group>"; };
		809693CB15E53EAD0009DE5F /* ClearHistoryViewController.m */ = {isa = PBXFileReference; fileEncoding = 4; lastKnownFileType = sourcecode.c.objc; path = ClearHistoryViewController.m; sourceTree = "<group>"; };
		80977BE215DBFD4200FCFBB7 /* AVFoundation.framework */ = {isa = PBXFileReference; lastKnownFileType = wrapper.framework; name = AVFoundation.framework; path = System/Library/Frameworks/AVFoundation.framework; sourceTree = SDKROOT; };
		80977BE415DBFDAE00FCFBB7 /* AudioToolbox.framework */ = {isa = PBXFileReference; lastKnownFileType = wrapper.framework; name = AudioToolbox.framework; path = System/Library/Frameworks/AudioToolbox.framework; sourceTree = SDKROOT; };
		8097945615E342D8000ECBC7 /* FriendsListViewController.h */ = {isa = PBXFileReference; fileEncoding = 4; lastKnownFileType = sourcecode.c.h; path = FriendsListViewController.h; sourceTree = "<group>"; };
		8097945715E342D8000ECBC7 /* FriendsListViewController.m */ = {isa = PBXFileReference; fileEncoding = 4; lastKnownFileType = sourcecode.c.objc; path = FriendsListViewController.m; sourceTree = "<group>"; };
		8097945915E344E5000ECBC7 /* flag_ready.png */ = {isa = PBXFileReference; lastKnownFileType = image.png; path = flag_ready.png; sourceTree = "<group>"; };
		8097945A15E344E5000ECBC7 /* flag_unready.png */ = {isa = PBXFileReference; lastKnownFileType = image.png; path = flag_unready.png; sourceTree = "<group>"; };
		8097945D15E345EF000ECBC7 /* btn_multiplayer.png */ = {isa = PBXFileReference; lastKnownFileType = image.png; path = btn_multiplayer.png; sourceTree = "<group>"; };
		80982E2715E333B000859BA1 /* JSON.h */ = {isa = PBXFileReference; lastKnownFileType = sourcecode.c.h; path = JSON.h; sourceTree = "<group>"; };
		80982E2815E333B000859BA1 /* NSObject+SBJson.h */ = {isa = PBXFileReference; lastKnownFileType = sourcecode.c.h; path = "NSObject+SBJson.h"; sourceTree = "<group>"; };
		80982E2915E333B000859BA1 /* NSObject+SBJson.m */ = {isa = PBXFileReference; lastKnownFileType = sourcecode.c.objc; path = "NSObject+SBJson.m"; sourceTree = "<group>"; };
		80982E2A15E333B000859BA1 /* SBJson.h */ = {isa = PBXFileReference; lastKnownFileType = sourcecode.c.h; path = SBJson.h; sourceTree = "<group>"; };
		80982E2B15E333B000859BA1 /* SBJsonParser.h */ = {isa = PBXFileReference; lastKnownFileType = sourcecode.c.h; path = SBJsonParser.h; sourceTree = "<group>"; };
		80982E2C15E333B000859BA1 /* SBJsonParser.m */ = {isa = PBXFileReference; lastKnownFileType = sourcecode.c.objc; path = SBJsonParser.m; sourceTree = "<group>"; };
		80982E2D15E333B000859BA1 /* SBJsonStreamParser.h */ = {isa = PBXFileReference; lastKnownFileType = sourcecode.c.h; path = SBJsonStreamParser.h; sourceTree = "<group>"; };
		80982E2E15E333B000859BA1 /* SBJsonStreamParser.m */ = {isa = PBXFileReference; lastKnownFileType = sourcecode.c.objc; path = SBJsonStreamParser.m; sourceTree = "<group>"; };
		80982E2F15E333B000859BA1 /* SBJsonStreamParserAccumulator.h */ = {isa = PBXFileReference; lastKnownFileType = sourcecode.c.h; path = SBJsonStreamParserAccumulator.h; sourceTree = "<group>"; };
		80982E3015E333B000859BA1 /* SBJsonStreamParserAccumulator.m */ = {isa = PBXFileReference; lastKnownFileType = sourcecode.c.objc; path = SBJsonStreamParserAccumulator.m; sourceTree = "<group>"; };
		80982E3115E333B000859BA1 /* SBJsonStreamParserAdapter.h */ = {isa = PBXFileReference; lastKnownFileType = sourcecode.c.h; path = SBJsonStreamParserAdapter.h; sourceTree = "<group>"; };
		80982E3215E333B000859BA1 /* SBJsonStreamParserAdapter.m */ = {isa = PBXFileReference; lastKnownFileType = sourcecode.c.objc; path = SBJsonStreamParserAdapter.m; sourceTree = "<group>"; };
		80982E3315E333B000859BA1 /* SBJsonStreamParserState.h */ = {isa = PBXFileReference; lastKnownFileType = sourcecode.c.h; path = SBJsonStreamParserState.h; sourceTree = "<group>"; };
		80982E3415E333B000859BA1 /* SBJsonStreamParserState.m */ = {isa = PBXFileReference; lastKnownFileType = sourcecode.c.objc; path = SBJsonStreamParserState.m; sourceTree = "<group>"; };
		80982E3515E333B000859BA1 /* SBJsonStreamWriter.h */ = {isa = PBXFileReference; lastKnownFileType = sourcecode.c.h; path = SBJsonStreamWriter.h; sourceTree = "<group>"; };
		80982E3615E333B000859BA1 /* SBJsonStreamWriter.m */ = {isa = PBXFileReference; lastKnownFileType = sourcecode.c.objc; path = SBJsonStreamWriter.m; sourceTree = "<group>"; };
		80982E3715E333B000859BA1 /* SBJsonStreamWriterAccumulator.h */ = {isa = PBXFileReference; lastKnownFileType = sourcecode.c.h; path = SBJsonStreamWriterAccumulator.h; sourceTree = "<group>"; };
		80982E3815E333B000859BA1 /* SBJsonStreamWriterAccumulator.m */ = {isa = PBXFileReference; lastKnownFileType = sourcecode.c.objc; path = SBJsonStreamWriterAccumulator.m; sourceTree = "<group>"; };
		80982E3915E333B000859BA1 /* SBJsonStreamWriterState.h */ = {isa = PBXFileReference; lastKnownFileType = sourcecode.c.h; path = SBJsonStreamWriterState.h; sourceTree = "<group>"; };
		80982E3A15E333B000859BA1 /* SBJsonStreamWriterState.m */ = {isa = PBXFileReference; lastKnownFileType = sourcecode.c.objc; path = SBJsonStreamWriterState.m; sourceTree = "<group>"; };
		80982E3B15E333B000859BA1 /* SBJsonTokeniser.h */ = {isa = PBXFileReference; lastKnownFileType = sourcecode.c.h; path = SBJsonTokeniser.h; sourceTree = "<group>"; };
		80982E3C15E333B000859BA1 /* SBJsonTokeniser.m */ = {isa = PBXFileReference; lastKnownFileType = sourcecode.c.objc; path = SBJsonTokeniser.m; sourceTree = "<group>"; };
		80982E3D15E333B000859BA1 /* SBJsonUTF8Stream.h */ = {isa = PBXFileReference; lastKnownFileType = sourcecode.c.h; path = SBJsonUTF8Stream.h; sourceTree = "<group>"; };
		80982E3E15E333B000859BA1 /* SBJsonUTF8Stream.m */ = {isa = PBXFileReference; lastKnownFileType = sourcecode.c.objc; path = SBJsonUTF8Stream.m; sourceTree = "<group>"; };
		80982E3F15E333B000859BA1 /* SBJsonWriter.h */ = {isa = PBXFileReference; lastKnownFileType = sourcecode.c.h; path = SBJsonWriter.h; sourceTree = "<group>"; };
		80982E4015E333B000859BA1 /* SBJsonWriter.m */ = {isa = PBXFileReference; lastKnownFileType = sourcecode.c.objc; path = SBJsonWriter.m; sourceTree = "<group>"; };
		80982E5A15E3364800859BA1 /* MBProgressHUD.h */ = {isa = PBXFileReference; lastKnownFileType = sourcecode.c.h; path = MBProgressHUD.h; sourceTree = "<group>"; };
		80982E5B15E3364800859BA1 /* MBProgressHUD.m */ = {isa = PBXFileReference; lastKnownFileType = sourcecode.c.objc; path = MBProgressHUD.m; sourceTree = "<group>"; };
		80982E5C15E3367300859BA1 /* CFNetwork.framework */ = {isa = PBXFileReference; lastKnownFileType = wrapper.framework; name = CFNetwork.framework; path = System/Library/Frameworks/CFNetwork.framework; sourceTree = SDKROOT; };
		80982E5E15E3368200859BA1 /* SystemConfiguration.framework */ = {isa = PBXFileReference; lastKnownFileType = wrapper.framework; name = SystemConfiguration.framework; path = System/Library/Frameworks/SystemConfiguration.framework; sourceTree = SDKROOT; };
		80982E6015E3368A00859BA1 /* MobileCoreServices.framework */ = {isa = PBXFileReference; lastKnownFileType = wrapper.framework; name = MobileCoreServices.framework; path = System/Library/Frameworks/MobileCoreServices.framework; sourceTree = SDKROOT; };
		80982E6215E336BA00859BA1 /* libz.1.2.5.dylib */ = {isa = PBXFileReference; lastKnownFileType = "compiled.mach-o.dylib"; name = libz.1.2.5.dylib; path = usr/lib/libz.1.2.5.dylib; sourceTree = SDKROOT; };
		809B15CC15DA4CBB00F39DF9 /* background.png */ = {isa = PBXFileReference; lastKnownFileType = image.png; path = background.png; sourceTree = "<group>"; };
		809B15CF15DA4D8400F39DF9 /* logo.jpg */ = {isa = PBXFileReference; lastKnownFileType = image.jpeg; path = logo.jpg; sourceTree = "<group>"; };
		809B15D115DA582D00F39DF9 /* background-pattern.png */ = {isa = PBXFileReference; lastKnownFileType = image.png; path = "background-pattern.png"; sourceTree = "<group>"; };
		809DF27915E2AD380040B7CF /* MediaPlayer.framework */ = {isa = PBXFileReference; lastKnownFileType = wrapper.framework; name = MediaPlayer.framework; path = System/Library/Frameworks/MediaPlayer.framework; sourceTree = SDKROOT; };
		809DF27B15E2AE650040B7CF /* SoundHelper.h */ = {isa = PBXFileReference; fileEncoding = 4; lastKnownFileType = sourcecode.c.h; path = SoundHelper.h; sourceTree = "<group>"; };
		809DF27C15E2AE650040B7CF /* SoundHelper.m */ = {isa = PBXFileReference; fileEncoding = 4; lastKnownFileType = sourcecode.c.objc; path = SoundHelper.m; sourceTree = "<group>"; };
		809EB70915C99D0D00DF309E /* SVST Bridging Words.app */ = {isa = PBXFileReference; explicitFileType = wrapper.application; includeInIndex = 0; path = "SVST Bridging Words.app"; sourceTree = BUILT_PRODUCTS_DIR; };
		809EB70D15C99D0D00DF309E /* UIKit.framework */ = {isa = PBXFileReference; lastKnownFileType = wrapper.framework; name = UIKit.framework; path = System/Library/Frameworks/UIKit.framework; sourceTree = SDKROOT; };
		809EB70F15C99D0D00DF309E /* Foundation.framework */ = {isa = PBXFileReference; lastKnownFileType = wrapper.framework; name = Foundation.framework; path = System/Library/Frameworks/Foundation.framework; sourceTree = SDKROOT; };
		809EB71115C99D0D00DF309E /* CoreGraphics.framework */ = {isa = PBXFileReference; lastKnownFileType = wrapper.framework; name = CoreGraphics.framework; path = System/Library/Frameworks/CoreGraphics.framework; sourceTree = SDKROOT; };
		809EB71515C99D0D00DF309E /* SVST Bridging Words-Info.plist */ = {isa = PBXFileReference; lastKnownFileType = text.plist.xml; path = "SVST Bridging Words-Info.plist"; sourceTree = "<group>"; };
		809EB71715C99D0D00DF309E /* en */ = {isa = PBXFileReference; lastKnownFileType = text.plist.strings; name = en; path = en.lproj/InfoPlist.strings; sourceTree = "<group>"; };
		809EB71915C99D0D00DF309E /* main.m */ = {isa = PBXFileReference; lastKnownFileType = sourcecode.c.objc; path = main.m; sourceTree = "<group>"; };
		809EB71B15C99D0D00DF309E /* SVST Bridging Words-Prefix.pch */ = {isa = PBXFileReference; lastKnownFileType = sourcecode.c.h; path = "SVST Bridging Words-Prefix.pch"; sourceTree = "<group>"; };
		809EB71C15C99D0D00DF309E /* AppDelegate.h */ = {isa = PBXFileReference; lastKnownFileType = sourcecode.c.h; path = AppDelegate.h; sourceTree = "<group>"; };
		809EB71D15C99D0D00DF309E /* AppDelegate.m */ = {isa = PBXFileReference; lastKnownFileType = sourcecode.c.objc; path = AppDelegate.m; sourceTree = "<group>"; };
		809EB72015C99D0D00DF309E /* en */ = {isa = PBXFileReference; lastKnownFileType = file.storyboard; name = en; path = en.lproj/MainStoryboard.storyboard; sourceTree = "<group>"; };
		809EB72215C99D0D00DF309E /* StoriesViewController.h */ = {isa = PBXFileReference; lastKnownFileType = sourcecode.c.h; path = StoriesViewController.h; sourceTree = "<group>"; };
		809EB72315C99D0D00DF309E /* StoriesViewController.m */ = {isa = PBXFileReference; lastKnownFileType = sourcecode.c.objc; path = StoriesViewController.m; sourceTree = "<group>"; };
		809EB72B15C99D5900DF309E /* Stories.h */ = {isa = PBXFileReference; fileEncoding = 4; lastKnownFileType = sourcecode.c.h; name = Stories.h; path = ../Stories.h; sourceTree = "<group>"; };
		809EB72C15C99D5900DF309E /* Stories.m */ = {isa = PBXFileReference; fileEncoding = 4; lastKnownFileType = sourcecode.c.objc; name = Stories.m; path = ../Stories.m; sourceTree = "<group>"; };
		809EB72F15C99DC000DF309E /* libsqlite3.0.dylib */ = {isa = PBXFileReference; lastKnownFileType = "compiled.mach-o.dylib"; name = libsqlite3.0.dylib; path = usr/lib/libsqlite3.0.dylib; sourceTree = SDKROOT; };
		809EB73115C99EAC00DF309E /* ResultViewController.h */ = {isa = PBXFileReference; fileEncoding = 4; lastKnownFileType = sourcecode.c.h; path = ResultViewController.h; sourceTree = "<group>"; };
		809EB73215C99EAC00DF309E /* ResultViewController.m */ = {isa = PBXFileReference; fileEncoding = 4; lastKnownFileType = sourcecode.c.objc; path = ResultViewController.m; sourceTree = "<group>"; };
		809EB73315C99EAC00DF309E /* SelfPlayViewController.h */ = {isa = PBXFileReference; fileEncoding = 4; lastKnownFileType = sourcecode.c.h; path = SelfPlayViewController.h; sourceTree = "<group>"; };
		809EB73415C99EAC00DF309E /* SelfPlayViewController.m */ = {isa = PBXFileReference; fileEncoding = 4; lastKnownFileType = sourcecode.c.objc; path = SelfPlayViewController.m; sourceTree = "<group>"; };
		809F42E815E629B5009A786E /* headtrainView.png */ = {isa = PBXFileReference; lastKnownFileType = image.png; path = headtrainView.png; sourceTree = "<group>"; };
		80A15B0E15D6B16C00D48F6D /* ResultRobotTrainingViewController.h */ = {isa = PBXFileReference; fileEncoding = 4; lastKnownFileType = sourcecode.c.h; path = ResultRobotTrainingViewController.h; sourceTree = "<group>"; };
		80A15B0F15D6B16C00D48F6D /* ResultRobotTrainingViewController.m */ = {isa = PBXFileReference; fileEncoding = 4; lastKnownFileType = sourcecode.c.objc; path = ResultRobotTrainingViewController.m; sourceTree = "<group>"; };
		80A2B22C15DFFC7000058DDF /* HistoryPlayersViewController.h */ = {isa = PBXFileReference; lastKnownFileType = sourcecode.c.h; path = HistoryPlayersViewController.h; sourceTree = "<group>"; };
		80A2B22D15DFFC7000058DDF /* HistoryPlayersViewController.m */ = {isa = PBXFileReference; lastKnownFileType = sourcecode.c.objc; path = HistoryPlayersViewController.m; sourceTree = "<group>"; };
		80A2B23015DFFC7100058DDF /* ListPlayerWordsViewController.h */ = {isa = PBXFileReference; lastKnownFileType = sourcecode.c.h; path = ListPlayerWordsViewController.h; sourceTree = "<group>"; };
		80A2B23115DFFC7100058DDF /* ListPlayerWordsViewController.m */ = {isa = PBXFileReference; lastKnownFileType = sourcecode.c.objc; path = ListPlayerWordsViewController.m; sourceTree = "<group>"; };
		80A2B23615DFFD2200058DDF /* style.css */ = {isa = PBXFileReference; fileEncoding = 4; lastKnownFileType = text.css; path = style.css; sourceTree = "<group>"; };
		80A2B23A15DFFD7300058DDF /* WordMeanViewController.h */ = {isa = PBXFileReference; lastKnownFileType = sourcecode.c.h; path = WordMeanViewController.h; sourceTree = "<group>"; };
		80A2B23B15DFFD7300058DDF /* WordMeanViewController.m */ = {isa = PBXFileReference; lastKnownFileType = sourcecode.c.objc; path = WordMeanViewController.m; sourceTree = "<group>"; };
		80A55AF615E5E5CC00A11C54 /* win_scence2.png */ = {isa = PBXFileReference; lastKnownFileType = image.png; path = win_scence2.png; sourceTree = "<group>"; };
		80A55AF715E5E5CC00A11C54 /* win_scence1.png */ = {isa = PBXFileReference; lastKnownFileType = image.png; path = win_scence1.png; sourceTree = "<group>"; };
		80A55AF815E5E5CC00A11C54 /* RobotCommentBG.png */ = {isa = PBXFileReference; lastKnownFileType = image.png; path = RobotCommentBG.png; sourceTree = "<group>"; };
		80A55AF915E5E5CC00A11C54 /* lose_scence2.png */ = {isa = PBXFileReference; lastKnownFileType = image.png; path = lose_scence2.png; sourceTree = "<group>"; };
		80A55AFA15E5E5CC00A11C54 /* lose_scence1.png */ = {isa = PBXFileReference; lastKnownFileType = image.png; path = lose_scence1.png; sourceTree = "<group>"; };
		80A55AFB15E5E5CC00A11C54 /* avatarPlayer.png */ = {isa = PBXFileReference; lastKnownFileType = image.png; path = avatarPlayer.png; sourceTree = "<group>"; };
		80A57A7C15DA7E5D004F6F3F /* btn_menu.png */ = {isa = PBXFileReference; lastKnownFileType = image.png; path = btn_menu.png; sourceTree = "<group>"; };
		80A57A7F15DA80B8004F6F3F /* BTN_HISTORY.png */ = {isa = PBXFileReference; lastKnownFileType = image.png; path = BTN_HISTORY.png; sourceTree = "<group>"; };
		80A57A8015DA80B8004F6F3F /* btn_playWithRobot.png */ = {isa = PBXFileReference; lastKnownFileType = image.png; path = btn_playWithRobot.png; sourceTree = "<group>"; };
		80A57A8115DA80B8004F6F3F /* BTN_RANDOM.png */ = {isa = PBXFileReference; lastKnownFileType = image.png; path = BTN_RANDOM.png; sourceTree = "<group>"; };
		80A57A8215DA80B8004F6F3F /* btn_selfPratice.png */ = {isa = PBXFileReference; lastKnownFileType = image.png; path = btn_selfPratice.png; sourceTree = "<group>"; };
		80A57A8715DA82C8004F6F3F /* SSMessageTableViewCellBackgroundBlue.png */ = {isa = PBXFileReference; lastKnownFileType = image.png; path = SSMessageTableViewCellBackgroundBlue.png; sourceTree = "<group>"; };
		80A57A8815DA82C8004F6F3F /* SSMessageTableViewCellBackgroundBlue@2x.png */ = {isa = PBXFileReference; lastKnownFileType = image.png; path = "SSMessageTableViewCellBackgroundBlue@2x.png"; sourceTree = "<group>"; };
		80A57A8915DA82C9004F6F3F /* SSMessageTableViewCellBackgroundClear.png */ = {isa = PBXFileReference; lastKnownFileType = image.png; path = SSMessageTableViewCellBackgroundClear.png; sourceTree = "<group>"; };
		80A57A8A15DA82C9004F6F3F /* SSMessageTableViewCellBackgroundClear@2x.png */ = {isa = PBXFileReference; lastKnownFileType = image.png; path = "SSMessageTableViewCellBackgroundClear@2x.png"; sourceTree = "<group>"; };
		80A57A8F15DAA7FB004F6F3F /* backgroundTextField.png */ = {isa = PBXFileReference; lastKnownFileType = image.png; path = backgroundTextField.png; sourceTree = "<group>"; };
		80A57A9115DAACEC004F6F3F /* robot2.png */ = {isa = PBXFileReference; lastKnownFileType = image.png; path = robot2.png; sourceTree = "<group>"; };
		80A57A9315DAAED9004F6F3F /* SSMessagesViewControllerInputBackground2.png */ = {isa = PBXFileReference; lastKnownFileType = image.png; path = SSMessagesViewControllerInputBackground2.png; sourceTree = "<group>"; };
		80A57A9515DAB26C004F6F3F /* SSMessagesViewControllerTextFieldBackground2.png */ = {isa = PBXFileReference; lastKnownFileType = image.png; path = SSMessagesViewControllerTextFieldBackground2.png; sourceTree = "<group>"; };
		80A57A9715DAD339004F6F3F /* btn_back.png */ = {isa = PBXFileReference; lastKnownFileType = image.png; path = btn_back.png; sourceTree = "<group>"; };
		80A57A9915DADB5C004F6F3F /* MenuViewController.h */ = {isa = PBXFileReference; fileEncoding = 4; lastKnownFileType = sourcecode.c.h; path = MenuViewController.h; sourceTree = "<group>"; };
		80A57A9A15DADB5D004F6F3F /* MenuViewController.m */ = {isa = PBXFileReference; fileEncoding = 4; lastKnownFileType = sourcecode.c.objc; path = MenuViewController.m; sourceTree = "<group>"; };
		80A5896E15DD6C6D005B4778 /* selfplay-background.jpg */ = {isa = PBXFileReference; lastKnownFileType = image.jpeg; path = "selfplay-background.jpg"; sourceTree = "<group>"; };
		80A5896F15DD6C6D005B4778 /* train-head.png */ = {isa = PBXFileReference; lastKnownFileType = image.png; path = "train-head.png"; sourceTree = "<group>"; };
		80A5897015DD6C6D005B4778 /* train.PNG */ = {isa = PBXFileReference; lastKnownFileType = image.png; path = train.PNG; sourceTree = "<group>"; };
		80A8580815E0016D003D5750 /* History.h */ = {isa = PBXFileReference; fileEncoding = 4; lastKnownFileType = sourcecode.c.h; path = History.h; sourceTree = "<group>"; };
		80A8580915E0016D003D5750 /* History.m */ = {isa = PBXFileReference; fileEncoding = 4; lastKnownFileType = sourcecode.c.objc; path = History.m; sourceTree = "<group>"; };
		80AA5BF215E4D23F00395E8F /* RoomsListViewController.h */ = {isa = PBXFileReference; fileEncoding = 4; lastKnownFileType = sourcecode.c.h; path = RoomsListViewController.h; sourceTree = "<group>"; };
		80AA5BF315E4D23F00395E8F /* RoomsListViewController.m */ = {isa = PBXFileReference; fileEncoding = 4; lastKnownFileType = sourcecode.c.objc; path = RoomsListViewController.m; sourceTree = "<group>"; };
		80AA5BF615E4D30700395E8F /* Room.h */ = {isa = PBXFileReference; fileEncoding = 4; lastKnownFileType = sourcecode.c.h; path = Room.h; sourceTree = "<group>"; };
		80AA5BF715E4D30700395E8F /* Room.m */ = {isa = PBXFileReference; fileEncoding = 4; lastKnownFileType = sourcecode.c.objc; path = Room.m; sourceTree = "<group>"; };
		80AA5BF915E4EB8B00395E8F /* host_player.png */ = {isa = PBXFileReference; lastKnownFileType = image.png; path = host_player.png; sourceTree = "<group>"; };
		80AA5BFA15E4EB8B00395E8F /* Multiplayer_backGround.png */ = {isa = PBXFileReference; lastKnownFileType = image.png; path = Multiplayer_backGround.png; sourceTree = "<group>"; };
		80AA5BFB15E4EB8B00395E8F /* second_player.png */ = {isa = PBXFileReference; lastKnownFileType = image.png; path = second_player.png; sourceTree = "<group>"; };
		80AA5C0015E5182D00395E8F /* Player.h */ = {isa = PBXFileReference; fileEncoding = 4; lastKnownFileType = sourcecode.c.h; path = Player.h; sourceTree = "<group>"; };
		80AA5C0115E5182D00395E8F /* Player.m */ = {isa = PBXFileReference; fileEncoding = 4; lastKnownFileType = sourcecode.c.objc; path = Player.m; sourceTree = "<group>"; };
		80AB2DB215E39FB80055E2F2 /* Reachability.h */ = {isa = PBXFileReference; lastKnownFileType = sourcecode.c.h; path = Reachability.h; sourceTree = "<group>"; };
		80AB2DB315E39FB80055E2F2 /* Reachability.m */ = {isa = PBXFileReference; lastKnownFileType = sourcecode.c.objc; path = Reachability.m; sourceTree = "<group>"; };
		80AB2DB515E3A3860055E2F2 /* ASIAuthenticationDialog.h */ = {isa = PBXFileReference; lastKnownFileType = sourcecode.c.h; path = ASIAuthenticationDialog.h; sourceTree = "<group>"; };
		80AB2DB615E3A3860055E2F2 /* ASIAuthenticationDialog.m */ = {isa = PBXFileReference; lastKnownFileType = sourcecode.c.objc; path = ASIAuthenticationDialog.m; sourceTree = "<group>"; };
		80AB2DB715E3A3860055E2F2 /* ASICacheDelegate.h */ = {isa = PBXFileReference; lastKnownFileType = sourcecode.c.h; path = ASICacheDelegate.h; sourceTree = "<group>"; };
		80AB2DB815E3A3860055E2F2 /* ASIDataCompressor.h */ = {isa = PBXFileReference; lastKnownFileType = sourcecode.c.h; path = ASIDataCompressor.h; sourceTree = "<group>"; };
		80AB2DB915E3A3860055E2F2 /* ASIDataCompressor.m */ = {isa = PBXFileReference; lastKnownFileType = sourcecode.c.objc; path = ASIDataCompressor.m; sourceTree = "<group>"; };
		80AB2DBA15E3A3860055E2F2 /* ASIDataDecompressor.h */ = {isa = PBXFileReference; lastKnownFileType = sourcecode.c.h; path = ASIDataDecompressor.h; sourceTree = "<group>"; };
		80AB2DBB15E3A3870055E2F2 /* ASIDataDecompressor.m */ = {isa = PBXFileReference; lastKnownFileType = sourcecode.c.objc; path = ASIDataDecompressor.m; sourceTree = "<group>"; };
		80AB2DBC15E3A3870055E2F2 /* ASIDownloadCache.h */ = {isa = PBXFileReference; lastKnownFileType = sourcecode.c.h; path = ASIDownloadCache.h; sourceTree = "<group>"; };
		80AB2DBD15E3A3870055E2F2 /* ASIDownloadCache.m */ = {isa = PBXFileReference; lastKnownFileType = sourcecode.c.objc; path = ASIDownloadCache.m; sourceTree = "<group>"; };
		80AB2DBE15E3A3870055E2F2 /* ASIFormDataRequest.h */ = {isa = PBXFileReference; lastKnownFileType = sourcecode.c.h; path = ASIFormDataRequest.h; sourceTree = "<group>"; };
		80AB2DBF15E3A3870055E2F2 /* ASIFormDataRequest.m */ = {isa = PBXFileReference; lastKnownFileType = sourcecode.c.objc; path = ASIFormDataRequest.m; sourceTree = "<group>"; };
		80AB2DC015E3A3870055E2F2 /* ASIHTTPRequest.h */ = {isa = PBXFileReference; lastKnownFileType = sourcecode.c.h; path = ASIHTTPRequest.h; sourceTree = "<group>"; };
		80AB2DC115E3A3870055E2F2 /* ASIHTTPRequest.m */ = {isa = PBXFileReference; lastKnownFileType = sourcecode.c.objc; path = ASIHTTPRequest.m; sourceTree = "<group>"; };
		80AB2DC215E3A3870055E2F2 /* ASIHTTPRequestConfig.h */ = {isa = PBXFileReference; lastKnownFileType = sourcecode.c.h; path = ASIHTTPRequestConfig.h; sourceTree = "<group>"; };
		80AB2DC315E3A3870055E2F2 /* ASIHTTPRequestDelegate.h */ = {isa = PBXFileReference; lastKnownFileType = sourcecode.c.h; path = ASIHTTPRequestDelegate.h; sourceTree = "<group>"; };
		80AB2DC415E3A3870055E2F2 /* ASIInputStream.h */ = {isa = PBXFileReference; lastKnownFileType = sourcecode.c.h; path = ASIInputStream.h; sourceTree = "<group>"; };
		80AB2DC515E3A3870055E2F2 /* ASIInputStream.m */ = {isa = PBXFileReference; lastKnownFileType = sourcecode.c.objc; path = ASIInputStream.m; sourceTree = "<group>"; };
		80AB2DC615E3A3870055E2F2 /* ASINetworkQueue.h */ = {isa = PBXFileReference; lastKnownFileType = sourcecode.c.h; path = ASINetworkQueue.h; sourceTree = "<group>"; };
		80AB2DC715E3A3870055E2F2 /* ASINetworkQueue.m */ = {isa = PBXFileReference; lastKnownFileType = sourcecode.c.objc; path = ASINetworkQueue.m; sourceTree = "<group>"; };
		80AB2DC815E3A3870055E2F2 /* ASIProgressDelegate.h */ = {isa = PBXFileReference; lastKnownFileType = sourcecode.c.h; path = ASIProgressDelegate.h; sourceTree = "<group>"; };
		80ABE13E15D8D25800229CC8 /* bw_svst */ = {isa = PBXFileReference; lastKnownFileType = file; path = bw_svst; sourceTree = "<group>"; };
		80AC220015CAD6D90070F986 /* large_brooklyn_bridge.jpg */ = {isa = PBXFileReference; lastKnownFileType = image.jpeg; name = large_brooklyn_bridge.jpg; path = ../large_brooklyn_bridge.jpg; sourceTree = "<group>"; };
		80AC220115CAD6D90070F986 /* start-icon.png */ = {isa = PBXFileReference; lastKnownFileType = image.png; name = "start-icon.png"; path = "../start-icon.png"; sourceTree = "<group>"; };
		80AC5EDD15D4BD8C009621A4 /* robot.png */ = {isa = PBXFileReference; lastKnownFileType = image.png; path = robot.png; sourceTree = "<group>"; };
		80AC5EDF15D4C2DB009621A4 /* user.png */ = {isa = PBXFileReference; lastKnownFileType = image.png; path = user.png; sourceTree = "<group>"; };
		80AFCA6A15DD18EC0037CD19 /* laser.aif */ = {isa = PBXFileReference; lastKnownFileType = file; path = laser.aif; sourceTree = "<group>"; };
		80B39BDF15E1EBF8007BD2CF /* btn_backGround.png */ = {isa = PBXFileReference; lastKnownFileType = image.png; path = btn_backGround.png; sourceTree = "<group>"; };
		80B4967A15D2BE0F0066FFD1 /* TrainRobotViewController.h */ = {isa = PBXFileReference; fileEncoding = 4; lastKnownFileType = sourcecode.c.h; name = TrainRobotViewController.h; path = ../TrainRobotViewController.h; sourceTree = "<group>"; };
		80B4967B15D2BE0F0066FFD1 /* TrainRobotViewController.m */ = {isa = PBXFileReference; fileEncoding = 4; lastKnownFileType = sourcecode.c.objc; name = TrainRobotViewController.m; path = ../TrainRobotViewController.m; sourceTree = "<group>"; };
		80B4967E15D2BE4F0066FFD1 /* SSDrawingUtilities.h */ = {isa = PBXFileReference; fileEncoding = 4; lastKnownFileType = sourcecode.c.h; path = SSDrawingUtilities.h; sourceTree = "<group>"; };
		80B4967F15D2BE4F0066FFD1 /* SSDrawingUtilities.m */ = {isa = PBXFileReference; fileEncoding = 4; lastKnownFileType = sourcecode.c.objc; path = SSDrawingUtilities.m; sourceTree = "<group>"; };
		80B4968015D2BE4F0066FFD1 /* SSMessagesViewController.h */ = {isa = PBXFileReference; fileEncoding = 4; lastKnownFileType = sourcecode.c.h; path = SSMessagesViewController.h; sourceTree = "<group>"; };
		80B4968115D2BE4F0066FFD1 /* SSMessagesViewController.m */ = {isa = PBXFileReference; fileEncoding = 4; lastKnownFileType = sourcecode.c.objc; path = SSMessagesViewController.m; sourceTree = "<group>"; };
		80B4968215D2BE4F0066FFD1 /* SSMessageTableViewCell.h */ = {isa = PBXFileReference; fileEncoding = 4; lastKnownFileType = sourcecode.c.h; path = SSMessageTableViewCell.h; sourceTree = "<group>"; };
		80B4968315D2BE4F0066FFD1 /* SSMessageTableViewCell.m */ = {isa = PBXFileReference; fileEncoding = 4; lastKnownFileType = sourcecode.c.objc; path = SSMessageTableViewCell.m; sourceTree = "<group>"; };
		80B4968415D2BE4F0066FFD1 /* SSMessageTableViewCellBubbleView.h */ = {isa = PBXFileReference; fileEncoding = 4; lastKnownFileType = sourcecode.c.h; path = SSMessageTableViewCellBubbleView.h; sourceTree = "<group>"; };
		80B4968515D2BE4F0066FFD1 /* SSMessageTableViewCellBubbleView.m */ = {isa = PBXFileReference; fileEncoding = 4; lastKnownFileType = sourcecode.c.objc; path = SSMessageTableViewCellBubbleView.m; sourceTree = "<group>"; };
		80B4968615D2BE4F0066FFD1 /* SSTextField.h */ = {isa = PBXFileReference; fileEncoding = 4; lastKnownFileType = sourcecode.c.h; path = SSTextField.h; sourceTree = "<group>"; };
		80B4968715D2BE4F0066FFD1 /* SSTextField.m */ = {isa = PBXFileReference; fileEncoding = 4; lastKnownFileType = sourcecode.c.objc; path = SSTextField.m; sourceTree = "<group>"; };
		80B4968915D2BE4F0066FFD1 /* SSMessagesViewControllerCameraButton.png */ = {isa = PBXFileReference; lastKnownFileType = image.png; path = SSMessagesViewControllerCameraButton.png; sourceTree = "<group>"; };
		80B4968A15D2BE4F0066FFD1 /* SSMessagesViewControllerCameraButton@2x.png */ = {isa = PBXFileReference; lastKnownFileType = image.png; path = "SSMessagesViewControllerCameraButton@2x.png"; sourceTree = "<group>"; };
		80B4968B15D2BE4F0066FFD1 /* SSMessagesViewControllerInputBackground.png */ = {isa = PBXFileReference; lastKnownFileType = image.png; path = SSMessagesViewControllerInputBackground.png; sourceTree = "<group>"; };
		80B4968C15D2BE4F0066FFD1 /* SSMessagesViewControllerInputBackground@2x.png */ = {isa = PBXFileReference; lastKnownFileType = image.png; path = "SSMessagesViewControllerInputBackground@2x.png"; sourceTree = "<group>"; };
		80B4968D15D2BE4F0066FFD1 /* SSMessagesViewControllerSendButtonBackground.png */ = {isa = PBXFileReference; lastKnownFileType = image.png; path = SSMessagesViewControllerSendButtonBackground.png; sourceTree = "<group>"; };
		80B4968E15D2BE4F0066FFD1 /* SSMessagesViewControllerSendButtonBackground@2x.png */ = {isa = PBXFileReference; lastKnownFileType = image.png; path = "SSMessagesViewControllerSendButtonBackground@2x.png"; sourceTree = "<group>"; };
		80B4968F15D2BE4F0066FFD1 /* SSMessagesViewControllerSendButtonBackgroundGreen.png */ = {isa = PBXFileReference; lastKnownFileType = image.png; path = SSMessagesViewControllerSendButtonBackgroundGreen.png; sourceTree = "<group>"; };
		80B4969015D2BE4F0066FFD1 /* SSMessagesViewControllerSendButtonBackgroundGreen@2x.png */ = {isa = PBXFileReference; lastKnownFileType = image.png; path = "SSMessagesViewControllerSendButtonBackgroundGreen@2x.png"; sourceTree = "<group>"; };
		80B4969115D2BE4F0066FFD1 /* SSMessagesViewControllerTextFieldBackground.png */ = {isa = PBXFileReference; lastKnownFileType = image.png; path = SSMessagesViewControllerTextFieldBackground.png; sourceTree = "<group>"; };
		80B4969215D2BE4F0066FFD1 /* SSMessagesViewControllerTextFieldBackground@2x.png */ = {isa = PBXFileReference; lastKnownFileType = image.png; path = "SSMessagesViewControllerTextFieldBackground@2x.png"; sourceTree = "<group>"; };
		80B4969715D2BE4F0066FFD1 /* SSMessageTableViewCellBackgroundGreen.png */ = {isa = PBXFileReference; lastKnownFileType = image.png; path = SSMessageTableViewCellBackgroundGreen.png; sourceTree = "<group>"; };
		80B4969815D2BE4F0066FFD1 /* SSMessageTableViewCellBackgroundGreen@2x.png */ = {isa = PBXFileReference; lastKnownFileType = image.png; path = "SSMessageTableViewCellBackgroundGreen@2x.png"; sourceTree = "<group>"; };
/* End PBXFileReference section */

/* Begin PBXFrameworksBuildPhase section */
		809EB70615C99D0D00DF309E /* Frameworks */ = {
			isa = PBXFrameworksBuildPhase;
			buildActionMask = 2147483647;
			files = (
				80982E6315E336BA00859BA1 /* libz.1.2.5.dylib in Frameworks */,
				80982E6115E3368A00859BA1 /* MobileCoreServices.framework in Frameworks */,
				80982E5F15E3368200859BA1 /* SystemConfiguration.framework in Frameworks */,
				80982E5D15E3367300859BA1 /* CFNetwork.framework in Frameworks */,
				809DF27A15E2AD380040B7CF /* MediaPlayer.framework in Frameworks */,
				80977BE515DBFDAE00FCFBB7 /* AudioToolbox.framework in Frameworks */,
				809EB73015C99DC000DF309E /* libsqlite3.0.dylib in Frameworks */,
				80977BE315DBFD4200FCFBB7 /* AVFoundation.framework in Frameworks */,
				809EB70E15C99D0D00DF309E /* UIKit.framework in Frameworks */,
				809EB71015C99D0D00DF309E /* Foundation.framework in Frameworks */,
				809EB71215C99D0D00DF309E /* CoreGraphics.framework in Frameworks */,
			);
			runOnlyForDeploymentPostprocessing = 0;
		};
/* End PBXFrameworksBuildPhase section */

/* Begin PBXGroup section */
		8097945415E34294000ECBC7 /* MultiPlayer */ = {
			isa = PBXGroup;
			children = (
				8097945615E342D8000ECBC7 /* FriendsListViewController.h */,
				8097945715E342D8000ECBC7 /* FriendsListViewController.m */,
				80AA5BF215E4D23F00395E8F /* RoomsListViewController.h */,
				80AA5BF315E4D23F00395E8F /* RoomsListViewController.m */,
			);
			name = MultiPlayer;
			sourceTree = "<group>";
		};
		80982E2615E332CE00859BA1 /* JSON */ = {
			isa = PBXGroup;
			children = (
				80982E2715E333B000859BA1 /* JSON.h */,
				80982E2815E333B000859BA1 /* NSObject+SBJson.h */,
				80982E2915E333B000859BA1 /* NSObject+SBJson.m */,
				80982E2A15E333B000859BA1 /* SBJson.h */,
				80982E2B15E333B000859BA1 /* SBJsonParser.h */,
				80982E2C15E333B000859BA1 /* SBJsonParser.m */,
				80982E2D15E333B000859BA1 /* SBJsonStreamParser.h */,
				80982E2E15E333B000859BA1 /* SBJsonStreamParser.m */,
				80982E2F15E333B000859BA1 /* SBJsonStreamParserAccumulator.h */,
				80982E3015E333B000859BA1 /* SBJsonStreamParserAccumulator.m */,
				80982E3115E333B000859BA1 /* SBJsonStreamParserAdapter.h */,
				80982E3215E333B000859BA1 /* SBJsonStreamParserAdapter.m */,
				80982E3315E333B000859BA1 /* SBJsonStreamParserState.h */,
				80982E3415E333B000859BA1 /* SBJsonStreamParserState.m */,
				80982E3515E333B000859BA1 /* SBJsonStreamWriter.h */,
				80982E3615E333B000859BA1 /* SBJsonStreamWriter.m */,
				80982E3715E333B000859BA1 /* SBJsonStreamWriterAccumulator.h */,
				80982E3815E333B000859BA1 /* SBJsonStreamWriterAccumulator.m */,
				80982E3915E333B000859BA1 /* SBJsonStreamWriterState.h */,
				80982E3A15E333B000859BA1 /* SBJsonStreamWriterState.m */,
				80982E3B15E333B000859BA1 /* SBJsonTokeniser.h */,
				80982E3C15E333B000859BA1 /* SBJsonTokeniser.m */,
				80982E3D15E333B000859BA1 /* SBJsonUTF8Stream.h */,
				80982E3E15E333B000859BA1 /* SBJsonUTF8Stream.m */,
				80982E3F15E333B000859BA1 /* SBJsonWriter.h */,
				80982E4015E333B000859BA1 /* SBJsonWriter.m */,
			);
			name = JSON;
			sourceTree = "<group>";
		};
		80982E4115E3353A00859BA1 /* ASIHTTPRequest */ = {
			isa = PBXGroup;
			children = (
				80AB2DB515E3A3860055E2F2 /* ASIAuthenticationDialog.h */,
				80AB2DB615E3A3860055E2F2 /* ASIAuthenticationDialog.m */,
				80AB2DB715E3A3860055E2F2 /* ASICacheDelegate.h */,
				80AB2DB815E3A3860055E2F2 /* ASIDataCompressor.h */,
				80AB2DB915E3A3860055E2F2 /* ASIDataCompressor.m */,
				80AB2DBA15E3A3860055E2F2 /* ASIDataDecompressor.h */,
				80AB2DBB15E3A3870055E2F2 /* ASIDataDecompressor.m */,
				80AB2DBC15E3A3870055E2F2 /* ASIDownloadCache.h */,
				80AB2DBD15E3A3870055E2F2 /* ASIDownloadCache.m */,
				80AB2DBE15E3A3870055E2F2 /* ASIFormDataRequest.h */,
				80AB2DBF15E3A3870055E2F2 /* ASIFormDataRequest.m */,
				80AB2DC015E3A3870055E2F2 /* ASIHTTPRequest.h */,
				80AB2DC115E3A3870055E2F2 /* ASIHTTPRequest.m */,
				80AB2DC215E3A3870055E2F2 /* ASIHTTPRequestConfig.h */,
				80AB2DC315E3A3870055E2F2 /* ASIHTTPRequestDelegate.h */,
				80AB2DC415E3A3870055E2F2 /* ASIInputStream.h */,
				80AB2DC515E3A3870055E2F2 /* ASIInputStream.m */,
				80AB2DC615E3A3870055E2F2 /* ASINetworkQueue.h */,
				80AB2DC715E3A3870055E2F2 /* ASINetworkQueue.m */,
				80AB2DC815E3A3870055E2F2 /* ASIProgressDelegate.h */,
				80982E5815E3360400859BA1 /* Reachability */,
			);
			name = ASIHTTPRequest;
			sourceTree = "<group>";
		};
		80982E5815E3360400859BA1 /* Reachability */ = {
			isa = PBXGroup;
			children = (
				80AB2DB215E39FB80055E2F2 /* Reachability.h */,
				80AB2DB315E39FB80055E2F2 /* Reachability.m */,
			);
			name = Reachability;
			sourceTree = "<group>";
		};
		80982E5915E3362A00859BA1 /* MBProgressHUD */ = {
			isa = PBXGroup;
			children = (
				80982E5A15E3364800859BA1 /* MBProgressHUD.h */,
				80982E5B15E3364800859BA1 /* MBProgressHUD.m */,
			);
			name = MBProgressHUD;
			sourceTree = "<group>";
		};
		809AB42C15D4DAD7006840C1 /* Sound */ = {
			isa = PBXGroup;
			children = (
			);
			name = Sound;
			sourceTree = "<group>";
		};
		809C707A15E0BD07002B48DF /* Others */ = {
			isa = PBXGroup;
			children = (
				809EB71C15C99D0D00DF309E /* AppDelegate.h */,
				809EB71D15C99D0D00DF309E /* AppDelegate.m */,
				809EB71F15C99D0D00DF309E /* MainStoryboard.storyboard */,
				80A57A9915DADB5C004F6F3F /* MenuViewController.h */,
				80A57A9A15DADB5D004F6F3F /* MenuViewController.m */,
			);
			name = Others;
			sourceTree = "<group>";
		};
		809EB6FE15C99D0D00DF309E = {
			isa = PBXGroup;
			children = (
				809AB42C15D4DAD7006840C1 /* Sound */,
				80B4967D15D2BE4F0066FFD1 /* Classes */,
				80B4968815D2BE4F0066FFD1 /* Images */,
				809EB71315C99D0D00DF309E /* SVST Bridging Words */,
				809EB70C15C99D0D00DF309E /* Frameworks */,
				809EB70A15C99D0D00DF309E /* Products */,
			);
			sourceTree = "<group>";
		};
		809EB70A15C99D0D00DF309E /* Products */ = {
			isa = PBXGroup;
			children = (
				809EB70915C99D0D00DF309E /* SVST Bridging Words.app */,
			);
			name = Products;
			sourceTree = "<group>";
		};
		809EB70C15C99D0D00DF309E /* Frameworks */ = {
			isa = PBXGroup;
			children = (
				80982E6215E336BA00859BA1 /* libz.1.2.5.dylib */,
				80982E6015E3368A00859BA1 /* MobileCoreServices.framework */,
				80982E5E15E3368200859BA1 /* SystemConfiguration.framework */,
				80982E5C15E3367300859BA1 /* CFNetwork.framework */,
				809DF27915E2AD380040B7CF /* MediaPlayer.framework */,
				80977BE415DBFDAE00FCFBB7 /* AudioToolbox.framework */,
				80977BE215DBFD4200FCFBB7 /* AVFoundation.framework */,
				809EB72F15C99DC000DF309E /* libsqlite3.0.dylib */,
				809EB70D15C99D0D00DF309E /* UIKit.framework */,
				809EB70F15C99D0D00DF309E /* Foundation.framework */,
				809EB71115C99D0D00DF309E /* CoreGraphics.framework */,
			);
			name = Frameworks;
			sourceTree = "<group>";
		};
		809EB71315C99D0D00DF309E /* SVST Bridging Words */ = {
			isa = PBXGroup;
			children = (
				8097945415E34294000ECBC7 /* MultiPlayer */,
				80A2B23315DFFC7700058DDF /* History */,
				80A2B23415DFFC8000058DDF /* PlayWIthRobot */,
				80A2B23515DFFCA700058DDF /* SelfPlay */,
				809C707A15E0BD07002B48DF /* Others */,
				809EB71415C99D0D00DF309E /* Supporting Files */,
				809DF27B15E2AE650040B7CF /* SoundHelper.h */,
				809DF27C15E2AE650040B7CF /* SoundHelper.m */,
			);
			path = "SVST Bridging Words";
			sourceTree = "<group>";
		};
		809EB71415C99D0D00DF309E /* Supporting Files */ = {
			isa = PBXGroup;
			children = (
				80A2B23615DFFD2200058DDF /* style.css */,
				80ABE13E15D8D25800229CC8 /* bw_svst */,
				809EB71515C99D0D00DF309E /* SVST Bridging Words-Info.plist */,
				809EB71615C99D0D00DF309E /* InfoPlist.strings */,
				809EB71915C99D0D00DF309E /* main.m */,
				809EB71B15C99D0D00DF309E /* SVST Bridging Words-Prefix.pch */,
			);
			name = "Supporting Files";
			sourceTree = "<group>";
		};
		80A2B23315DFFC7700058DDF /* History */ = {
			isa = PBXGroup;
			children = (
				80A2B22C15DFFC7000058DDF /* HistoryPlayersViewController.h */,
				80A2B22D15DFFC7000058DDF /* HistoryPlayersViewController.m */,
				80A2B23015DFFC7100058DDF /* ListPlayerWordsViewController.h */,
				80A2B23115DFFC7100058DDF /* ListPlayerWordsViewController.m */,
				80A2B23A15DFFD7300058DDF /* WordMeanViewController.h */,
				80A2B23B15DFFD7300058DDF /* WordMeanViewController.m */,
				809693CA15E53EAD0009DE5F /* ClearHistoryViewController.h */,
				809693CB15E53EAD0009DE5F /* ClearHistoryViewController.m */,
			);
			name = History;
			sourceTree = "<group>";
		};
		80A2B23415DFFC8000058DDF /* PlayWIthRobot */ = {
			isa = PBXGroup;
			children = (
				80A15B0E15D6B16C00D48F6D /* ResultRobotTrainingViewController.h */,
				80A15B0F15D6B16C00D48F6D /* ResultRobotTrainingViewController.m */,
				80B4967A15D2BE0F0066FFD1 /* TrainRobotViewController.h */,
				80B4967B15D2BE0F0066FFD1 /* TrainRobotViewController.m */,
			);
			name = PlayWIthRobot;
			sourceTree = "<group>";
		};
		80A2B23515DFFCA700058DDF /* SelfPlay */ = {
			isa = PBXGroup;
			children = (
				809EB73115C99EAC00DF309E /* ResultViewController.h */,
				809EB73215C99EAC00DF309E /* ResultViewController.m */,
				809EB73315C99EAC00DF309E /* SelfPlayViewController.h */,
				809EB73415C99EAC00DF309E /* SelfPlayViewController.m */,
				809EB72215C99D0D00DF309E /* StoriesViewController.h */,
				809EB72315C99D0D00DF309E /* StoriesViewController.m */,
			);
			name = SelfPlay;
			sourceTree = "<group>";
		};
		80AA5BFF15E517FB00395E8F /* SSMessage */ = {
			isa = PBXGroup;
			children = (
				80B4967E15D2BE4F0066FFD1 /* SSDrawingUtilities.h */,
				80B4967F15D2BE4F0066FFD1 /* SSDrawingUtilities.m */,
				80B4968015D2BE4F0066FFD1 /* SSMessagesViewController.h */,
				80B4968115D2BE4F0066FFD1 /* SSMessagesViewController.m */,
				80B4968215D2BE4F0066FFD1 /* SSMessageTableViewCell.h */,
				80B4968315D2BE4F0066FFD1 /* SSMessageTableViewCell.m */,
				80B4968415D2BE4F0066FFD1 /* SSMessageTableViewCellBubbleView.h */,
				80B4968515D2BE4F0066FFD1 /* SSMessageTableViewCellBubbleView.m */,
				80B4968615D2BE4F0066FFD1 /* SSTextField.h */,
				80B4968715D2BE4F0066FFD1 /* SSTextField.m */,
			);
			name = SSMessage;
			sourceTree = "<group>";
		};
		80B4967D15D2BE4F0066FFD1 /* Classes */ = {
			isa = PBXGroup;
			children = (
				80982E5915E3362A00859BA1 /* MBProgressHUD */,
				80982E4115E3353A00859BA1 /* ASIHTTPRequest */,
				80982E2615E332CE00859BA1 /* JSON */,
				80AA5BFF15E517FB00395E8F /* SSMessage */,
				80A8580815E0016D003D5750 /* History.h */,
				80A8580915E0016D003D5750 /* History.m */,
				803D2C8115D4190B00F9A9CB /* Robot.h */,
				803D2C8215D4190B00F9A9CB /* Robot.m */,
				809EB72B15C99D5900DF309E /* Stories.h */,
				809EB72C15C99D5900DF309E /* Stories.m */,
				80AA5BF615E4D30700395E8F /* Room.h */,
				80AA5BF715E4D30700395E8F /* Room.m */,
				80AA5C0015E5182D00395E8F /* Player.h */,
				80AA5C0115E5182D00395E8F /* Player.m */,
			);
			path = Classes;
			sourceTree = "<group>";
		};
		80B4968815D2BE4F0066FFD1 /* Images */ = {
			isa = PBXGroup;
			children = (
				809F42E815E629B5009A786E /* headtrainView.png */,
				80A55AF615E5E5CC00A11C54 /* win_scence2.png */,
				80A55AF715E5E5CC00A11C54 /* win_scence1.png */,
				80A55AF815E5E5CC00A11C54 /* RobotCommentBG.png */,
				80A55AF915E5E5CC00A11C54 /* lose_scence2.png */,
				80A55AFA15E5E5CC00A11C54 /* lose_scence1.png */,
				80A55AFB15E5E5CC00A11C54 /* avatarPlayer.png */,
				80AA5BF915E4EB8B00395E8F /* host_player.png */,
				80AA5BFA15E4EB8B00395E8F /* Multiplayer_backGround.png */,
				80AA5BFB15E4EB8B00395E8F /* second_player.png */,
				8097945D15E345EF000ECBC7 /* btn_multiplayer.png */,
				8097945915E344E5000ECBC7 /* flag_ready.png */,
				8097945A15E344E5000ECBC7 /* flag_unready.png */,
				80B39BDF15E1EBF8007BD2CF /* btn_backGround.png */,
				80A5896E15DD6C6D005B4778 /* selfplay-background.jpg */,
				80A5896F15DD6C6D005B4778 /* train-head.png */,
				80A5897015DD6C6D005B4778 /* train.PNG */,
				80AFCA6A15DD18EC0037CD19 /* laser.aif */,
				80A57A9715DAD339004F6F3F /* btn_back.png */,
				80A57A9315DAAED9004F6F3F /* SSMessagesViewControllerInputBackground2.png */,
				80A57A9115DAACEC004F6F3F /* robot2.png */,
				80A57A8F15DAA7FB004F6F3F /* backgroundTextField.png */,
				80A57A7F15DA80B8004F6F3F /* BTN_HISTORY.png */,
				80A57A8015DA80B8004F6F3F /* btn_playWithRobot.png */,
				80A57A8115DA80B8004F6F3F /* BTN_RANDOM.png */,
				80A57A8215DA80B8004F6F3F /* btn_selfPratice.png */,
				80A57A7C15DA7E5D004F6F3F /* btn_menu.png */,
				809B15D115DA582D00F39DF9 /* background-pattern.png */,
				809B15CF15DA4D8400F39DF9 /* logo.jpg */,
				809B15CC15DA4CBB00F39DF9 /* background.png */,
				80AC5EDF15D4C2DB009621A4 /* user.png */,
				80AC5EDD15D4BD8C009621A4 /* robot.png */,
				80AC220015CAD6D90070F986 /* large_brooklyn_bridge.jpg */,
				80AC220115CAD6D90070F986 /* start-icon.png */,
				80B4968915D2BE4F0066FFD1 /* SSMessagesViewControllerCameraButton.png */,
				80B4968A15D2BE4F0066FFD1 /* SSMessagesViewControllerCameraButton@2x.png */,
				80B4968B15D2BE4F0066FFD1 /* SSMessagesViewControllerInputBackground.png */,
				80B4968C15D2BE4F0066FFD1 /* SSMessagesViewControllerInputBackground@2x.png */,
				80B4968D15D2BE4F0066FFD1 /* SSMessagesViewControllerSendButtonBackground.png */,
				80B4968E15D2BE4F0066FFD1 /* SSMessagesViewControllerSendButtonBackground@2x.png */,
				80B4968F15D2BE4F0066FFD1 /* SSMessagesViewControllerSendButtonBackgroundGreen.png */,
				80B4969015D2BE4F0066FFD1 /* SSMessagesViewControllerSendButtonBackgroundGreen@2x.png */,
				80B4969115D2BE4F0066FFD1 /* SSMessagesViewControllerTextFieldBackground.png */,
				80A57A9515DAB26C004F6F3F /* SSMessagesViewControllerTextFieldBackground2.png */,
				80B4969215D2BE4F0066FFD1 /* SSMessagesViewControllerTextFieldBackground@2x.png */,
				80A57A8715DA82C8004F6F3F /* SSMessageTableViewCellBackgroundBlue.png */,
				80A57A8815DA82C8004F6F3F /* SSMessageTableViewCellBackgroundBlue@2x.png */,
				80A57A8915DA82C9004F6F3F /* SSMessageTableViewCellBackgroundClear.png */,
				80A57A8A15DA82C9004F6F3F /* SSMessageTableViewCellBackgroundClear@2x.png */,
				80B4969715D2BE4F0066FFD1 /* SSMessageTableViewCellBackgroundGreen.png */,
				80B4969815D2BE4F0066FFD1 /* SSMessageTableViewCellBackgroundGreen@2x.png */,
			);
			path = Images;
			sourceTree = "<group>";
		};
/* End PBXGroup section */

/* Begin PBXNativeTarget section */
		809EB70815C99D0D00DF309E /* SVST Bridging Words */ = {
			isa = PBXNativeTarget;
			buildConfigurationList = 809EB72715C99D0D00DF309E /* Build configuration list for PBXNativeTarget "SVST Bridging Words" */;
			buildPhases = (
				809EB70515C99D0D00DF309E /* Sources */,
				809EB70615C99D0D00DF309E /* Frameworks */,
				809EB70715C99D0D00DF309E /* Resources */,
			);
			buildRules = (
			);
			dependencies = (
			);
			name = "SVST Bridging Words";
			productName = "SVST Bridging Words";
			productReference = 809EB70915C99D0D00DF309E /* SVST Bridging Words.app */;
			productType = "com.apple.product-type.application";
		};
/* End PBXNativeTarget section */

/* Begin PBXProject section */
		809EB70015C99D0D00DF309E /* Project object */ = {
			isa = PBXProject;
			attributes = {
				LastUpgradeCheck = 0430;
			};
			buildConfigurationList = 809EB70315C99D0D00DF309E /* Build configuration list for PBXProject "SVST Bridging Words" */;
			compatibilityVersion = "Xcode 3.2";
			developmentRegion = English;
			hasScannedForEncodings = 0;
			knownRegions = (
				en,
			);
			mainGroup = 809EB6FE15C99D0D00DF309E;
			productRefGroup = 809EB70A15C99D0D00DF309E /* Products */;
			projectDirPath = "";
			projectRoot = "";
			targets = (
				809EB70815C99D0D00DF309E /* SVST Bridging Words */,
			);
		};
/* End PBXProject section */

/* Begin PBXResourcesBuildPhase section */
		809EB70715C99D0D00DF309E /* Resources */ = {
			isa = PBXResourcesBuildPhase;
			buildActionMask = 2147483647;
			files = (
				809DF27415E2AA3D0040B7CF /* laser.aif in Resources */,
				809EB71815C99D0D00DF309E /* InfoPlist.strings in Resources */,
				809EB72115C99D0D00DF309E /* MainStoryboard.storyboard in Resources */,
				80AC220215CAD6D90070F986 /* large_brooklyn_bridge.jpg in Resources */,
				80AC220315CAD6D90070F986 /* start-icon.png in Resources */,
				80B4969F15D2BE4F0066FFD1 /* SSMessagesViewControllerCameraButton.png in Resources */,
				80B496A015D2BE4F0066FFD1 /* SSMessagesViewControllerCameraButton@2x.png in Resources */,
				80B496A115D2BE4F0066FFD1 /* SSMessagesViewControllerInputBackground.png in Resources */,
				80B496A215D2BE4F0066FFD1 /* SSMessagesViewControllerInputBackground@2x.png in Resources */,
				80B496A315D2BE4F0066FFD1 /* SSMessagesViewControllerSendButtonBackground.png in Resources */,
				80B496A415D2BE4F0066FFD1 /* SSMessagesViewControllerSendButtonBackground@2x.png in Resources */,
				80B496A515D2BE4F0066FFD1 /* SSMessagesViewControllerSendButtonBackgroundGreen.png in Resources */,
				80B496A615D2BE4F0066FFD1 /* SSMessagesViewControllerSendButtonBackgroundGreen@2x.png in Resources */,
				80B496A715D2BE4F0066FFD1 /* SSMessagesViewControllerTextFieldBackground.png in Resources */,
				80B496A815D2BE4F0066FFD1 /* SSMessagesViewControllerTextFieldBackground@2x.png in Resources */,
				80B496AD15D2BE4F0066FFD1 /* SSMessageTableViewCellBackgroundGreen.png in Resources */,
				80B496AE15D2BE4F0066FFD1 /* SSMessageTableViewCellBackgroundGreen@2x.png in Resources */,
				80AC5EDE15D4BD8C009621A4 /* robot.png in Resources */,
				80AC5EE015D4C2DB009621A4 /* user.png in Resources */,
				80ABE13F15D8D25800229CC8 /* bw_svst in Resources */,
				809B15CD15DA4CBB00F39DF9 /* background.png in Resources */,
				809B15D015DA4D8400F39DF9 /* logo.jpg in Resources */,
				809B15D215DA582D00F39DF9 /* background-pattern.png in Resources */,
				80A57A7D15DA7E5D004F6F3F /* btn_menu.png in Resources */,
				80A57A8315DA80B8004F6F3F /* BTN_HISTORY.png in Resources */,
				80A57A8415DA80B8004F6F3F /* btn_playWithRobot.png in Resources */,
				80A57A8515DA80B8004F6F3F /* BTN_RANDOM.png in Resources */,
				80A57A8615DA80B8004F6F3F /* btn_selfPratice.png in Resources */,
				80A57A8B15DA82C9004F6F3F /* SSMessageTableViewCellBackgroundBlue.png in Resources */,
				80A57A8C15DA82C9004F6F3F /* SSMessageTableViewCellBackgroundBlue@2x.png in Resources */,
				80A57A8D15DA82C9004F6F3F /* SSMessageTableViewCellBackgroundClear.png in Resources */,
				80A57A8E15DA82C9004F6F3F /* SSMessageTableViewCellBackgroundClear@2x.png in Resources */,
				80A57A9015DAA7FC004F6F3F /* backgroundTextField.png in Resources */,
				80A57A9215DAACED004F6F3F /* robot2.png in Resources */,
				80A57A9415DAAEDA004F6F3F /* SSMessagesViewControllerInputBackground2.png in Resources */,
				80A57A9615DAB26D004F6F3F /* SSMessagesViewControllerTextFieldBackground2.png in Resources */,
				80A57A9815DAD33B004F6F3F /* btn_back.png in Resources */,
				80A5897115DD6C6D005B4778 /* selfplay-background.jpg in Resources */,
				80A5897215DD6C6D005B4778 /* train-head.png in Resources */,
				80A5897315DD6C6D005B4778 /* train.PNG in Resources */,
				80A2B23715DFFD2200058DDF /* style.css in Resources */,
				80B39BE015E1EBF8007BD2CF /* btn_backGround.png in Resources */,
				8097945B15E344E5000ECBC7 /* flag_ready.png in Resources */,
				8097945C15E344E5000ECBC7 /* flag_unready.png in Resources */,
				8097945E15E345EF000ECBC7 /* btn_multiplayer.png in Resources */,
				80AA5BFC15E4EB8B00395E8F /* host_player.png in Resources */,
				80AA5BFD15E4EB8B00395E8F /* Multiplayer_backGround.png in Resources */,
				80AA5BFE15E4EB8B00395E8F /* second_player.png in Resources */,
				80A55AFC15E5E5CC00A11C54 /* win_scence2.png in Resources */,
				80A55AFD15E5E5CC00A11C54 /* win_scence1.png in Resources */,
				80A55AFE15E5E5CC00A11C54 /* RobotCommentBG.png in Resources */,
				80A55AFF15E5E5CC00A11C54 /* lose_scence2.png in Resources */,
				80A55B0015E5E5CC00A11C54 /* lose_scence1.png in Resources */,
				80A55B0115E5E5CC00A11C54 /* avatarPlayer.png in Resources */,
				809F42E915E629B5009A786E /* headtrainView.png in Resources */,
			);
			runOnlyForDeploymentPostprocessing = 0;
		};
/* End PBXResourcesBuildPhase section */

/* Begin PBXSourcesBuildPhase section */
		809EB70515C99D0D00DF309E /* Sources */ = {
			isa = PBXSourcesBuildPhase;
			buildActionMask = 2147483647;
			files = (
				80AB2DC915E3A3E40055E2F2 /* ASIAuthenticationDialog.m in Sources */,
				80AB2DCA15E3A3E40055E2F2 /* ASIDataCompressor.m in Sources */,
				80AB2DCB15E3A3E40055E2F2 /* ASIDataDecompressor.m in Sources */,
				80AB2DCC15E3A3E40055E2F2 /* ASIDownloadCache.m in Sources */,
				80AB2DCD15E3A3E40055E2F2 /* ASIFormDataRequest.m in Sources */,
				80AB2DCE15E3A3E40055E2F2 /* ASIHTTPRequest.m in Sources */,
				80AB2DCF15E3A3E40055E2F2 /* ASIInputStream.m in Sources */,
				80AB2DD015E3A3E40055E2F2 /* ASINetworkQueue.m in Sources */,
				80AB2DB415E39FD40055E2F2 /* Reachability.m in Sources */,
				80AB2D9B15E396140055E2F2 /* MBProgressHUD.m in Sources */,
				80AB2DA515E396140055E2F2 /* NSObject+SBJson.m in Sources */,
				80AB2DA615E396140055E2F2 /* SBJsonParser.m in Sources */,
				80AB2DA715E396140055E2F2 /* SBJsonStreamParser.m in Sources */,
				80AB2DA815E396140055E2F2 /* SBJsonStreamParserAccumulator.m in Sources */,
				80AB2DA915E396140055E2F2 /* SBJsonStreamParserAdapter.m in Sources */,
				80AB2DAA15E396140055E2F2 /* SBJsonStreamParserState.m in Sources */,
				80AB2DAB15E396140055E2F2 /* SBJsonStreamWriter.m in Sources */,
				80AB2DAC15E396140055E2F2 /* SBJsonStreamWriterAccumulator.m in Sources */,
				80AB2DAD15E396140055E2F2 /* SBJsonStreamWriterState.m in Sources */,
				80AB2DAE15E396140055E2F2 /* SBJsonTokeniser.m in Sources */,
				80AB2DAF15E396140055E2F2 /* SBJsonUTF8Stream.m in Sources */,
				80AB2DB015E396140055E2F2 /* SBJsonWriter.m in Sources */,
				80A8580F15E00252003D5750 /* HistoryPlayersViewController.m in Sources */,
				80A8581015E00252003D5750 /* WordMeanViewController.m in Sources */,
				80A8581115E00252003D5750 /* ListPlayerWordsViewController.m in Sources */,
				809EB71A15C99D0D00DF309E /* main.m in Sources */,
				809EB71E15C99D0D00DF309E /* AppDelegate.m in Sources */,
				809EB72415C99D0D00DF309E /* StoriesViewController.m in Sources */,
				809EB72E15C99D5900DF309E /* Stories.m in Sources */,
				809EB73515C99EAC00DF309E /* ResultViewController.m in Sources */,
				809EB73615C99EAC00DF309E /* SelfPlayViewController.m in Sources */,
				80B4967C15D2BE100066FFD1 /* TrainRobotViewController.m in Sources */,
				80B4969A15D2BE4F0066FFD1 /* SSDrawingUtilities.m in Sources */,
				80B4969B15D2BE4F0066FFD1 /* SSMessagesViewController.m in Sources */,
				80B4969C15D2BE4F0066FFD1 /* SSMessageTableViewCell.m in Sources */,
				80B4969D15D2BE4F0066FFD1 /* SSMessageTableViewCellBubbleView.m in Sources */,
				80B4969E15D2BE4F0066FFD1 /* SSTextField.m in Sources */,
				803D2C8315D4190B00F9A9CB /* Robot.m in Sources */,
				80A15B1015D6B16C00D48F6D /* ResultRobotTrainingViewController.m in Sources */,
				80A57A9B15DADB5D004F6F3F /* MenuViewController.m in Sources */,
				80A8580A15E0016D003D5750 /* History.m in Sources */,
				809DF27D15E2AE650040B7CF /* SoundHelper.m in Sources */,
				8097945815E342D8000ECBC7 /* FriendsListViewController.m in Sources */,
				80AA5BF415E4D23F00395E8F /* RoomsListViewController.m in Sources */,
				80AA5BF815E4D30700395E8F /* Room.m in Sources */,
				80AA5C0215E5182D00395E8F /* Player.m in Sources */,
				809693CC15E53EAD0009DE5F /* ClearHistoryViewController.m in Sources */,
			);
			runOnlyForDeploymentPostprocessing = 0;
		};
/* End PBXSourcesBuildPhase section */

/* Begin PBXVariantGroup section */
		809EB71615C99D0D00DF309E /* InfoPlist.strings */ = {
			isa = PBXVariantGroup;
			children = (
				809EB71715C99D0D00DF309E /* en */,
			);
			name = InfoPlist.strings;
			sourceTree = "<group>";
		};
		809EB71F15C99D0D00DF309E /* MainStoryboard.storyboard */ = {
			isa = PBXVariantGroup;
			children = (
				809EB72015C99D0D00DF309E /* en */,
			);
			name = MainStoryboard.storyboard;
			sourceTree = "<group>";
		};
/* End PBXVariantGroup section */

/* Begin XCBuildConfiguration section */
		809EB72515C99D0D00DF309E /* Debug */ = {
			isa = XCBuildConfiguration;
			buildSettings = {
				ALWAYS_SEARCH_USER_PATHS = NO;
				ARCHS = "$(ARCHS_STANDARD_32_BIT)";
				CLANG_ENABLE_OBJC_ARC = YES;
				"CODE_SIGN_IDENTITY[sdk=iphoneos*]" = "iPhone Developer";
				COPY_PHASE_STRIP = NO;
				GCC_C_LANGUAGE_STANDARD = gnu99;
				GCC_DYNAMIC_NO_PIC = NO;
				GCC_OPTIMIZATION_LEVEL = 0;
				GCC_PREPROCESSOR_DEFINITIONS = (
					"DEBUG=1",
					"$(inherited)",
				);
				GCC_SYMBOLS_PRIVATE_EXTERN = NO;
				GCC_VERSION = com.apple.compilers.llvm.clang.1_0;
				GCC_WARN_ABOUT_RETURN_TYPE = YES;
				GCC_WARN_UNINITIALIZED_AUTOS = YES;
				GCC_WARN_UNUSED_VARIABLE = YES;
				IPHONEOS_DEPLOYMENT_TARGET = 5.1;
				SDKROOT = iphoneos;
			};
			name = Debug;
		};
		809EB72615C99D0D00DF309E /* Release */ = {
			isa = XCBuildConfiguration;
			buildSettings = {
				ALWAYS_SEARCH_USER_PATHS = NO;
				ARCHS = "$(ARCHS_STANDARD_32_BIT)";
				CLANG_ENABLE_OBJC_ARC = YES;
				"CODE_SIGN_IDENTITY[sdk=iphoneos*]" = "iPhone Developer";
				COPY_PHASE_STRIP = YES;
				GCC_C_LANGUAGE_STANDARD = gnu99;
				GCC_VERSION = com.apple.compilers.llvm.clang.1_0;
				GCC_WARN_ABOUT_RETURN_TYPE = YES;
				GCC_WARN_UNINITIALIZED_AUTOS = YES;
				GCC_WARN_UNUSED_VARIABLE = YES;
				IPHONEOS_DEPLOYMENT_TARGET = 5.1;
				OTHER_CFLAGS = "-DNS_BLOCK_ASSERTIONS=1";
				SDKROOT = iphoneos;
				VALIDATE_PRODUCT = YES;
			};
			name = Release;
		};
		809EB72815C99D0D00DF309E /* Debug */ = {
			isa = XCBuildConfiguration;
			buildSettings = {
				GCC_PRECOMPILE_PREFIX_HEADER = YES;
				GCC_PREFIX_HEADER = "SVST Bridging Words/SVST Bridging Words-Prefix.pch";
				INFOPLIST_FILE = "SVST Bridging Words/SVST Bridging Words-Info.plist";
				PRODUCT_NAME = "$(TARGET_NAME)";
				WRAPPER_EXTENSION = app;
			};
			name = Debug;
		};
		809EB72915C99D0D00DF309E /* Release */ = {
			isa = XCBuildConfiguration;
			buildSettings = {
				GCC_PRECOMPILE_PREFIX_HEADER = YES;
				GCC_PREFIX_HEADER = "SVST Bridging Words/SVST Bridging Words-Prefix.pch";
				INFOPLIST_FILE = "SVST Bridging Words/SVST Bridging Words-Info.plist";
				PRODUCT_NAME = "$(TARGET_NAME)";
				WRAPPER_EXTENSION = app;
			};
			name = Release;
		};
/* End XCBuildConfiguration section */

/* Begin XCConfigurationList section */
		809EB70315C99D0D00DF309E /* Build configuration list for PBXProject "SVST Bridging Words" */ = {
			isa = XCConfigurationList;
			buildConfigurations = (
				809EB72515C99D0D00DF309E /* Debug */,
				809EB72615C99D0D00DF309E /* Release */,
			);
			defaultConfigurationIsVisible = 0;
			defaultConfigurationName = Release;
		};
		809EB72715C99D0D00DF309E /* Build configuration list for PBXNativeTarget "SVST Bridging Words" */ = {
			isa = XCConfigurationList;
			buildConfigurations = (
				809EB72815C99D0D00DF309E /* Debug */,
				809EB72915C99D0D00DF309E /* Release */,
			);
			defaultConfigurationIsVisible = 0;
			defaultConfigurationName = Release;
		};
/* End XCConfigurationList section */
	};
	rootObject = 809EB70015C99D0D00DF309E /* Project object */;
}
